// !$*UTF8*$!
{
	archiveVersion = 1;
	classes = {
	};
	objectVersion = 46;
	objects = {

/* Begin PBXBuildFile section */
		6096FE3A13BC0C7D00D7E7B5 /* UIKit.framework in Frameworks */ = {isa = PBXBuildFile; fileRef = 6096FE3913BC0C7D00D7E7B5 /* UIKit.framework */; };
		6096FE3C13BC0C7D00D7E7B5 /* Foundation.framework in Frameworks */ = {isa = PBXBuildFile; fileRef = 6096FE3B13BC0C7D00D7E7B5 /* Foundation.framework */; };
		6096FE3E13BC0C7D00D7E7B5 /* CoreGraphics.framework in Frameworks */ = {isa = PBXBuildFile; fileRef = 6096FE3D13BC0C7D00D7E7B5 /* CoreGraphics.framework */; };
		6096FE4413BC0C7D00D7E7B5 /* InfoPlist.strings in Resources */ = {isa = PBXBuildFile; fileRef = 6096FE4213BC0C7D00D7E7B5 /* InfoPlist.strings */; };
		6096FE4613BC0C7D00D7E7B5 /* main.m in Sources */ = {isa = PBXBuildFile; fileRef = 6096FE4513BC0C7D00D7E7B5 /* main.m */; };
		6096FE4A13BC0C7D00D7E7B5 /* FlippyViewAppDelegate.m in Sources */ = {isa = PBXBuildFile; fileRef = 6096FE4913BC0C7D00D7E7B5 /* FlippyViewAppDelegate.m */; };
		6096FE4D13BC0C7D00D7E7B5 /* MainViewController.m in Sources */ = {isa = PBXBuildFile; fileRef = 6096FE4C13BC0C7D00D7E7B5 /* MainViewController.m */; };
		6096FE5013BC0C7D00D7E7B5 /* FlipsideViewController.m in Sources */ = {isa = PBXBuildFile; fileRef = 6096FE4F13BC0C7D00D7E7B5 /* FlipsideViewController.m */; };
		6096FE5313BC0C7D00D7E7B5 /* MainViewController.xib in Resources */ = {isa = PBXBuildFile; fileRef = 6096FE5113BC0C7D00D7E7B5 /* MainViewController.xib */; };
		6096FE5613BC0C7D00D7E7B5 /* FlipsideViewController.xib in Resources */ = {isa = PBXBuildFile; fileRef = 6096FE5413BC0C7D00D7E7B5 /* FlipsideViewController.xib */; };
		6096FE5E13BC0E2200D7E7B5 /* princeton1.jpg in Resources */ = {isa = PBXBuildFile; fileRef = 6096FE5C13BC0E2200D7E7B5 /* princeton1.jpg */; };
		6096FE5F13BC0E2200D7E7B5 /* princeton2.jpg in Resources */ = {isa = PBXBuildFile; fileRef = 6096FE5D13BC0E2200D7E7B5 /* princeton2.jpg */; };
/* End PBXBuildFile section */

/* Begin PBXFileReference section */
		6096FE3513BC0C7D00D7E7B5 /* FlippyView.app */ = {isa = PBXFileReference; explicitFileType = wrapper.application; includeInIndex = 0; path = FlippyView.app; sourceTree = BUILT_PRODUCTS_DIR; };
		6096FE3913BC0C7D00D7E7B5 /* UIKit.framework */ = {isa = PBXFileReference; lastKnownFileType = wrapper.framework; name = UIKit.framework; path = System/Library/Frameworks/UIKit.framework; sourceTree = SDKROOT; };
		6096FE3B13BC0C7D00D7E7B5 /* Foundation.framework */ = {isa = PBXFileReference; lastKnownFileType = wrapper.framework; name = Foundation.framework; path = System/Library/Frameworks/Foundation.framework; sourceTree = SDKROOT; };
		6096FE3D13BC0C7D00D7E7B5 /* CoreGraphics.framework */ = {isa = PBXFileReference; lastKnownFileType = wrapper.framework; name = CoreGraphics.framework; path = System/Library/Frameworks/CoreGraphics.framework; sourceTree = SDKROOT; };
		6096FE4113BC0C7D00D7E7B5 /* FlippyView-Info.plist */ = {isa = PBXFileReference; lastKnownFileType = text.plist.xml; path = "FlippyView-Info.plist"; sourceTree = "<group>"; };
		6096FE4313BC0C7D00D7E7B5 /* en */ = {isa = PBXFileReference; lastKnownFileType = text.plist.strings; name = en; path = en.lproj/InfoPlist.strings; sourceTree = "<group>"; };
		6096FE4513BC0C7D00D7E7B5 /* main.m */ = {isa = PBXFileReference; lastKnownFileType = sourcecode.c.objc; path = main.m; sourceTree = "<group>"; };
		6096FE4713BC0C7D00D7E7B5 /* FlippyView-Prefix.pch */ = {isa = PBXFileReference; lastKnownFileType = sourcecode.c.h; path = "FlippyView-Prefix.pch"; sourceTree = "<group>"; };
		6096FE4813BC0C7D00D7E7B5 /* FlippyViewAppDelegate.h */ = {isa = PBXFileReference; lastKnownFileType = sourcecode.c.h; path = FlippyViewAppDelegate.h; sourceTree = "<group>"; };
		6096FE4913BC0C7D00D7E7B5 /* FlippyViewAppDelegate.m */ = {isa = PBXFileReference; lastKnownFileType = sourcecode.c.objc; path = FlippyViewAppDelegate.m; sourceTree = "<group>"; };
		6096FE4B13BC0C7D00D7E7B5 /* MainViewController.h */ = {isa = PBXFileReference; lastKnownFileType = sourcecode.c.h; path = MainViewController.h; sourceTree = "<group>"; };
		6096FE4C13BC0C7D00D7E7B5 /* MainViewController.m */ = {isa = PBXFileReference; lastKnownFileType = sourcecode.c.objc; path = MainViewController.m; sourceTree = "<group>"; };
		6096FE4E13BC0C7D00D7E7B5 /* FlipsideViewController.h */ = {isa = PBXFileReference; lastKnownFileType = sourcecode.c.h; path = FlipsideViewController.h; sourceTree = "<group>"; };
		6096FE4F13BC0C7D00D7E7B5 /* FlipsideViewController.m */ = {isa = PBXFileReference; lastKnownFileType = sourcecode.c.objc; path = FlipsideViewController.m; sourceTree = "<group>"; };
		6096FE5213BC0C7D00D7E7B5 /* en */ = {isa = PBXFileReference; lastKnownFileType = file.xib; name = en; path = en.lproj/MainViewController.xib; sourceTree = "<group>"; };
		6096FE5513BC0C7D00D7E7B5 /* en */ = {isa = PBXFileReference; lastKnownFileType = file.xib; name = en; path = en.lproj/FlipsideViewController.xib; sourceTree = "<group>"; };
		6096FE5C13BC0E2200D7E7B5 /* princeton1.jpg */ = {isa = PBXFileReference; lastKnownFileType = image.jpeg; path = princeton1.jpg; sourceTree = "<group>"; };
		6096FE5D13BC0E2200D7E7B5 /* princeton2.jpg */ = {isa = PBXFileReference; lastKnownFileType = image.jpeg; path = princeton2.jpg; sourceTree = "<group>"; };
/* End PBXFileReference section */

/* Begin PBXFrameworksBuildPhase section */
		6096FE3213BC0C7D00D7E7B5 /* Frameworks */ = {
			isa = PBXFrameworksBuildPhase;
			buildActionMask = 2147483647;
			files = (
				6096FE3A13BC0C7D00D7E7B5 /* UIKit.framework in Frameworks */,
				6096FE3C13BC0C7D00D7E7B5 /* Foundation.framework in Frameworks */,
				6096FE3E13BC0C7D00D7E7B5 /* CoreGraphics.framework in Frameworks */,
			);
			runOnlyForDeploymentPostprocessing = 0;
		};
/* End PBXFrameworksBuildPhase section */

/* Begin PBXGroup section */
		6096FE2A13BC0C7D00D7E7B5 = {
			isa = PBXGroup;
			children = (
				6096FE3F13BC0C7D00D7E7B5 /* FlippyView */,
				6096FE3813BC0C7D00D7E7B5 /* Frameworks */,
				6096FE3613BC0C7D00D7E7B5 /* Products */,
			);
			sourceTree = "<group>";
		};
		6096FE3613BC0C7D00D7E7B5 /* Products */ = {
			isa = PBXGroup;
			children = (
				6096FE3513BC0C7D00D7E7B5 /* FlippyView.app */,
			);
			name = Products;
			sourceTree = "<group>";
		};
		6096FE3813BC0C7D00D7E7B5 /* Frameworks */ = {
			isa = PBXGroup;
			children = (
				6096FE3913BC0C7D00D7E7B5 /* UIKit.framework */,
				6096FE3B13BC0C7D00D7E7B5 /* Foundation.framework */,
				6096FE3D13BC0C7D00D7E7B5 /* CoreGraphics.framework */,
			);
			name = Frameworks;
			sourceTree = "<group>";
		};
		6096FE3F13BC0C7D00D7E7B5 /* FlippyView */ = {
			isa = PBXGroup;
			children = (
				6096FE4813BC0C7D00D7E7B5 /* FlippyViewAppDelegate.h */,
				6096FE4913BC0C7D00D7E7B5 /* FlippyViewAppDelegate.m */,
				6096FE4B13BC0C7D00D7E7B5 /* MainViewController.h */,
				6096FE4C13BC0C7D00D7E7B5 /* MainViewController.m */,
				6096FE4E13BC0C7D00D7E7B5 /* FlipsideViewController.h */,
				6096FE4F13BC0C7D00D7E7B5 /* FlipsideViewController.m */,
				6096FE5113BC0C7D00D7E7B5 /* MainViewController.xib */,
				6096FE5413BC0C7D00D7E7B5 /* FlipsideViewController.xib */,
				6096FE4013BC0C7D00D7E7B5 /* Supporting Files */,
			);
			path = FlippyView;
			sourceTree = "<group>";
		};
		6096FE4013BC0C7D00D7E7B5 /* Supporting Files */ = {
			isa = PBXGroup;
			children = (
				6096FE5C13BC0E2200D7E7B5 /* princeton1.jpg */,
				6096FE5D13BC0E2200D7E7B5 /* princeton2.jpg */,
				6096FE4113BC0C7D00D7E7B5 /* FlippyView-Info.plist */,
				6096FE4213BC0C7D00D7E7B5 /* InfoPlist.strings */,
				6096FE4513BC0C7D00D7E7B5 /* main.m */,
				6096FE4713BC0C7D00D7E7B5 /* FlippyView-Prefix.pch */,
			);
			name = "Supporting Files";
			sourceTree = "<group>";
		};
/* End PBXGroup section */

/* Begin PBXNativeTarget section */
		6096FE3413BC0C7D00D7E7B5 /* FlippyView */ = {
			isa = PBXNativeTarget;
			buildConfigurationList = 6096FE5913BC0C7E00D7E7B5 /* Build configuration list for PBXNativeTarget "FlippyView" */;
			buildPhases = (
				6096FE3113BC0C7D00D7E7B5 /* Sources */,
				6096FE3213BC0C7D00D7E7B5 /* Frameworks */,
				6096FE3313BC0C7D00D7E7B5 /* Resources */,
			);
			buildRules = (
			);
			dependencies = (
			);
			name = FlippyView;
			productName = FlippyView;
			productReference = 6096FE3513BC0C7D00D7E7B5 /* FlippyView.app */;
			productType = "com.apple.product-type.application";
		};
/* End PBXNativeTarget section */

/* Begin PBXProject section */
		6096FE2C13BC0C7D00D7E7B5 /* Project object */ = {
			isa = PBXProject;
			buildConfigurationList = 6096FE2F13BC0C7D00D7E7B5 /* Build configuration list for PBXProject "FlippyView" */;
			compatibilityVersion = "Xcode 3.2";
			developmentRegion = English;
			hasScannedForEncodings = 0;
			knownRegions = (
				en,
			);
			mainGroup = 6096FE2A13BC0C7D00D7E7B5;
			productRefGroup = 6096FE3613BC0C7D00D7E7B5 /* Products */;
			projectDirPath = "";
			projectRoot = "";
			targets = (
				6096FE3413BC0C7D00D7E7B5 /* FlippyView */,
			);
		};
/* End PBXProject section */

/* Begin PBXResourcesBuildPhase section */
		6096FE3313BC0C7D00D7E7B5 /* Resources */ = {
			isa = PBXResourcesBuildPhase;
			buildActionMask = 2147483647;
			files = (
				6096FE4413BC0C7D00D7E7B5 /* InfoPlist.strings in Resources */,
				6096FE5313BC0C7D00D7E7B5 /* MainViewController.xib in Resources */,
				6096FE5613BC0C7D00D7E7B5 /* FlipsideViewController.xib in Resources */,
				6096FE5E13BC0E2200D7E7B5 /* princeton1.jpg in Resources */,
				6096FE5F13BC0E2200D7E7B5 /* princeton2.jpg in Resources */,
			);
			runOnlyForDeploymentPostprocessing = 0;
		};
/* End PBXResourcesBuildPhase section */

/* Begin PBXSourcesBuildPhase section */
		6096FE3113BC0C7D00D7E7B5 /* Sources */ = {
			isa = PBXSourcesBuildPhase;
			buildActionMask = 2147483647;
			files = (
				6096FE4613BC0C7D00D7E7B5 /* main.m in Sources */,
				6096FE4A13BC0C7D00D7E7B5 /* FlippyViewAppDelegate.m in Sources */,
				6096FE4D13BC0C7D00D7E7B5 /* MainViewController.m in Sources */,
				6096FE5013BC0C7D00D7E7B5 /* FlipsideViewController.m in Sources */,
			);
			runOnlyForDeploymentPostprocessing = 0;
		};
/* End PBXSourcesBuildPhase section */

/* Begin PBXVariantGroup section */
		6096FE4213BC0C7D00D7E7B5 /* InfoPlist.strings */ = {
			isa = PBXVariantGroup;
			children = (
				6096FE4313BC0C7D00D7E7B5 /* en */,
			);
			name = InfoPlist.strings;
			sourceTree = "<group>";
		};
		6096FE5113BC0C7D00D7E7B5 /* MainViewController.xib */ = {
			isa = PBXVariantGroup;
			children = (
				6096FE5213BC0C7D00D7E7B5 /* en */,
			);
			name = MainViewController.xib;
			sourceTree = "<group>";
		};
		6096FE5413BC0C7D00D7E7B5 /* FlipsideViewController.xib */ = {
			isa = PBXVariantGroup;
			children = (
				6096FE5513BC0C7D00D7E7B5 /* en */,
			);
			name = FlipsideViewController.xib;
			sourceTree = "<group>";
		};
/* End PBXVariantGroup section */

/* Begin XCBuildConfiguration section */
		6096FE5713BC0C7E00D7E7B5 /* Debug */ = {
			isa = XCBuildConfiguration;
			buildSettings = {
				ALWAYS_SEARCH_USER_PATHS = NO;
				ARCHS = "$(ARCHS_STANDARD_32_BIT)";
				CLANG_ENABLE_OBJC_ARC = YES;
				"CODE_SIGN_IDENTITY[sdk=iphoneos*]" = "iPhone Developer";
				COPY_PHASE_STRIP = NO;
				GCC_C_LANGUAGE_STANDARD = gnu99;
				GCC_DYNAMIC_NO_PIC = NO;
				GCC_OPTIMIZATION_LEVEL = 0;
				GCC_PREPROCESSOR_DEFINITIONS = (
					"DEBUG=1",
					"$(inherited)",
				);
				GCC_SYMBOLS_PRIVATE_EXTERN = NO;
				GCC_VERSION = com.apple.compilers.llvm.clang.1_0;
				GCC_WARN_ABOUT_MISSING_PROTOTYPES = YES;
				GCC_WARN_ABOUT_RETURN_TYPE = YES;
				GCC_WARN_UNUSED_VARIABLE = YES;
				IPHONEOS_DEPLOYMENT_TARGET = 5.0;
				SDKROOT = iphoneos;
			};
			name = Debug;
		};
		6096FE5813BC0C7E00D7E7B5 /* Release */ = {
			isa = XCBuildConfiguration;
			buildSettings = {
				ALWAYS_SEARCH_USER_PATHS = NO;
				ARCHS = "$(ARCHS_STANDARD_32_BIT)";
				CLANG_ENABLE_OBJC_ARC = YES;
				"CODE_SIGN_IDENTITY[sdk=iphoneos*]" = "iPhone Developer";
				COPY_PHASE_STRIP = YES;
				GCC_C_LANGUAGE_STANDARD = gnu99;
				GCC_VERSION = com.apple.compilers.llvm.clang.1_0;
				GCC_WARN_ABOUT_MISSING_PROTOTYPES = YES;
				GCC_WARN_ABOUT_RETURN_TYPE = YES;
				GCC_WARN_UNUSED_VARIABLE = YES;
				IPHONEOS_DEPLOYMENT_TARGET = 5.0;
				OTHER_CFLAGS = "-DNS_BLOCK_ASSERTIONS=1";
				SDKROOT = iphoneos;
				VALIDATE_PRODUCT = YES;
			};
			name = Release;
		};
		6096FE5A13BC0C7E00D7E7B5 /* Debug */ = {
			isa = XCBuildConfiguration;
			buildSettings = {
				CLANG_ENABLE_OBJC_ARC = NO;
				GCC_PRECOMPILE_PREFIX_HEADER = YES;
				GCC_PREFIX_HEADER = "FlippyView/FlippyView-Prefix.pch";
				INFOPLIST_FILE = "FlippyView/FlippyView-Info.plist";
				IPHONEOS_DEPLOYMENT_TARGET = 3.2;
				PRODUCT_NAME = "$(TARGET_NAME)";
				WRAPPER_EXTENSION = app;
			};
			name = Debug;
		};
		6096FE5B13BC0C7E00D7E7B5 /* Release */ = {
			isa = XCBuildConfiguration;
			buildSettings = {
				CLANG_ENABLE_OBJC_ARC = NO;
				GCC_PRECOMPILE_PREFIX_HEADER = YES;
				GCC_PREFIX_HEADER = "FlippyView/FlippyView-Prefix.pch";
				INFOPLIST_FILE = "FlippyView/FlippyView-Info.plist";
				IPHONEOS_DEPLOYMENT_TARGET = 3.2;
				PRODUCT_NAME = "$(TARGET_NAME)";
				WRAPPER_EXTENSION = app;
			};
			name = Release;
		};
/* End XCBuildConfiguration section */

/* Begin XCConfigurationList section */
		6096FE2F13BC0C7D00D7E7B5 /* Build configuration list for PBXProject "FlippyView" */ = {
			isa = XCConfigurationList;
			buildConfigurations = (
				6096FE5713BC0C7E00D7E7B5 /* Debug */,
				6096FE5813BC0C7E00D7E7B5 /* Release */,
			);
			defaultConfigurationIsVisible = 0;
			defaultConfigurationName = Release;
		};
		6096FE5913BC0C7E00D7E7B5 /* Build configuration list for PBXNativeTarget "FlippyView" */ = {
			isa = XCConfigurationList;
			buildConfigurations = (
				6096FE5A13BC0C7E00D7E7B5 /* Debug */,
				6096FE5B13BC0C7E00D7E7B5 /* Release */,
			);
			defaultConfigurationIsVisible = 0;
			defaultConfigurationName = Release;
		};
/* End XCConfigurationList section */
	};
	rootObject = 6096FE2C13BC0C7D00D7E7B5 /* Project object */;
}
