// !$*UTF8*$!
{
	archiveVersion = 1;
	classes = {
	};
	objectVersion = 46;
	objects = {

/* Begin PBXBuildFile section */
		606C217113C0C026002BF872 /* UIKit.framework in Frameworks */ = {isa = PBXBuildFile; fileRef = 606C217013C0C026002BF872 /* UIKit.framework */; };
		606C217313C0C026002BF872 /* Foundation.framework in Frameworks */ = {isa = PBXBuildFile; fileRef = 606C217213C0C026002BF872 /* Foundation.framework */; };
		606C217513C0C026002BF872 /* CoreGraphics.framework in Frameworks */ = {isa = PBXBuildFile; fileRef = 606C217413C0C026002BF872 /* CoreGraphics.framework */; };
		606C217B13C0C026002BF872 /* InfoPlist.strings in Resources */ = {isa = PBXBuildFile; fileRef = 606C217913C0C026002BF872 /* InfoPlist.strings */; };
		606C217D13C0C026002BF872 /* main.m in Sources */ = {isa = PBXBuildFile; fileRef = 606C217C13C0C026002BF872 /* main.m */; };
		606C218113C0C026002BF872 /* MagicSwipeAppDelegate.m in Sources */ = {isa = PBXBuildFile; fileRef = 606C218013C0C026002BF872 /* MagicSwipeAppDelegate.m */; };
		606C218313C0C026002BF872 /* MagicSwipeViewController.h in Resources */ = {isa = PBXBuildFile; fileRef = 606C218213C0C026002BF872 /* MagicSwipeViewController.h */; };
		606C218513C0C026002BF872 /* MagicSwipeViewController.m in Sources */ = {isa = PBXBuildFile; fileRef = 606C218413C0C026002BF872 /* MagicSwipeViewController.m */; };
		606C218813C0C026002BF872 /* MagicSwipeViewController.xib in Resources */ = {isa = PBXBuildFile; fileRef = 606C218613C0C026002BF872 /* MagicSwipeViewController.xib */; };
		606C219013C0C2EC002BF872 /* tails.png in Resources */ = {isa = PBXBuildFile; fileRef = 606C218E13C0C2EC002BF872 /* tails.png */; };
		606C219113C0C2EC002BF872 /* heads.png in Resources */ = {isa = PBXBuildFile; fileRef = 606C218F13C0C2EC002BF872 /* heads.png */; };
		60985D0E13C0C47D00E375E9 /* fabric.jpg in Resources */ = {isa = PBXBuildFile; fileRef = 60985D0D13C0C47D00E375E9 /* fabric.jpg */; };
		60985D1213C0C75000E375E9 /* AVFoundation.framework in Frameworks */ = {isa = PBXBuildFile; fileRef = 60985D1113C0C75000E375E9 /* AVFoundation.framework */; };
		60985D1413C0C7A000E375E9 /* ting.mp3 in Resources */ = {isa = PBXBuildFile; fileRef = 60985D1313C0C7A000E375E9 /* ting.mp3 */; };
/* End PBXBuildFile section */

/* Begin PBXFileReference section */
		606C216C13C0C026002BF872 /* MagicSwipe.app */ = {isa = PBXFileReference; explicitFileType = wrapper.application; includeInIndex = 0; path = MagicSwipe.app; sourceTree = BUILT_PRODUCTS_DIR; };
		606C217013C0C026002BF872 /* UIKit.framework */ = {isa = PBXFileReference; lastKnownFileType = wrapper.framework; name = UIKit.framework; path = System/Library/Frameworks/UIKit.framework; sourceTree = SDKROOT; };
		606C217213C0C026002BF872 /* Foundation.framework */ = {isa = PBXFileReference; lastKnownFileType = wrapper.framework; name = Foundation.framework; path = System/Library/Frameworks/Foundation.framework; sourceTree = SDKROOT; };
		606C217413C0C026002BF872 /* CoreGraphics.framework */ = {isa = PBXFileReference; lastKnownFileType = wrapper.framework; name = CoreGraphics.framework; path = System/Library/Frameworks/CoreGraphics.framework; sourceTree = SDKROOT; };
		606C217813C0C026002BF872 /* MagicSwipe-Info.plist */ = {isa = PBXFileReference; lastKnownFileType = text.plist.xml; path = "MagicSwipe-Info.plist"; sourceTree = "<group>"; };
		606C217A13C0C026002BF872 /* en */ = {isa = PBXFileReference; lastKnownFileType = text.plist.strings; name = en; path = en.lproj/InfoPlist.strings; sourceTree = "<group>"; };
		606C217C13C0C026002BF872 /* main.m */ = {isa = PBXFileReference; lastKnownFileType = sourcecode.c.objc; path = main.m; sourceTree = "<group>"; };
		606C217E13C0C026002BF872 /* MagicSwipe-Prefix.pch */ = {isa = PBXFileReference; lastKnownFileType = sourcecode.c.h; path = "MagicSwipe-Prefix.pch"; sourceTree = "<group>"; };
		606C217F13C0C026002BF872 /* MagicSwipeAppDelegate.h */ = {isa = PBXFileReference; lastKnownFileType = sourcecode.c.h; path = MagicSwipeAppDelegate.h; sourceTree = "<group>"; };
		606C218013C0C026002BF872 /* MagicSwipeAppDelegate.m */ = {isa = PBXFileReference; lastKnownFileType = sourcecode.c.objc; path = MagicSwipeAppDelegate.m; sourceTree = "<group>"; };
		606C218213C0C026002BF872 /* MagicSwipeViewController.h */ = {isa = PBXFileReference; lastKnownFileType = sourcecode.c.h; path = MagicSwipeViewController.h; sourceTree = "<group>"; };
		606C218413C0C026002BF872 /* MagicSwipeViewController.m */ = {isa = PBXFileReference; lastKnownFileType = sourcecode.c.objc; path = MagicSwipeViewController.m; sourceTree = "<group>"; };
		606C218713C0C026002BF872 /* en */ = {isa = PBXFileReference; lastKnownFileType = file.xib; name = en; path = en.lproj/MagicSwipeViewController.xib; sourceTree = "<group>"; };
		606C218E13C0C2EC002BF872 /* tails.png */ = {isa = PBXFileReference; lastKnownFileType = image.png; path = tails.png; sourceTree = "<group>"; };
		606C218F13C0C2EC002BF872 /* heads.png */ = {isa = PBXFileReference; lastKnownFileType = image.png; path = heads.png; sourceTree = "<group>"; };
		60985D0D13C0C47D00E375E9 /* fabric.jpg */ = {isa = PBXFileReference; lastKnownFileType = image.jpeg; path = fabric.jpg; sourceTree = "<group>"; };
		60985D1113C0C75000E375E9 /* AVFoundation.framework */ = {isa = PBXFileReference; lastKnownFileType = wrapper.framework; name = AVFoundation.framework; path = System/Library/Frameworks/AVFoundation.framework; sourceTree = SDKROOT; };
		60985D1313C0C7A000E375E9 /* ting.mp3 */ = {isa = PBXFileReference; lastKnownFileType = audio.mp3; path = ting.mp3; sourceTree = "<group>"; };
/* End PBXFileReference section */

/* Begin PBXFrameworksBuildPhase section */
		606C216913C0C026002BF872 /* Frameworks */ = {
			isa = PBXFrameworksBuildPhase;
			buildActionMask = 2147483647;
			files = (
				60985D1213C0C75000E375E9 /* AVFoundation.framework in Frameworks */,
				606C217113C0C026002BF872 /* UIKit.framework in Frameworks */,
				606C217313C0C026002BF872 /* Foundation.framework in Frameworks */,
				606C217513C0C026002BF872 /* CoreGraphics.framework in Frameworks */,
			);
			runOnlyForDeploymentPostprocessing = 0;
		};
/* End PBXFrameworksBuildPhase section */

/* Begin PBXGroup section */
		606C216113C0C026002BF872 = {
			isa = PBXGroup;
			children = (
				606C217613C0C026002BF872 /* MagicSwipe */,
				606C216F13C0C026002BF872 /* Frameworks */,
				606C216D13C0C026002BF872 /* Products */,
			);
			sourceTree = "<group>";
		};
		606C216D13C0C026002BF872 /* Products */ = {
			isa = PBXGroup;
			children = (
				606C216C13C0C026002BF872 /* MagicSwipe.app */,
			);
			name = Products;
			sourceTree = "<group>";
		};
		606C216F13C0C026002BF872 /* Frameworks */ = {
			isa = PBXGroup;
			children = (
				60985D1113C0C75000E375E9 /* AVFoundation.framework */,
				606C217013C0C026002BF872 /* UIKit.framework */,
				606C217213C0C026002BF872 /* Foundation.framework */,
				606C217413C0C026002BF872 /* CoreGraphics.framework */,
			);
			name = Frameworks;
			sourceTree = "<group>";
		};
		606C217613C0C026002BF872 /* MagicSwipe */ = {
			isa = PBXGroup;
			children = (
				606C217F13C0C026002BF872 /* MagicSwipeAppDelegate.h */,
				606C218013C0C026002BF872 /* MagicSwipeAppDelegate.m */,
				606C218213C0C026002BF872 /* MagicSwipeViewController.h */,
				606C218413C0C026002BF872 /* MagicSwipeViewController.m */,
				606C218613C0C026002BF872 /* MagicSwipeViewController.xib */,
				606C217713C0C026002BF872 /* Supporting Files */,
			);
			path = MagicSwipe;
			sourceTree = "<group>";
		};
		606C217713C0C026002BF872 /* Supporting Files */ = {
			isa = PBXGroup;
			children = (
				60985D1313C0C7A000E375E9 /* ting.mp3 */,
				60985D0D13C0C47D00E375E9 /* fabric.jpg */,
				606C218E13C0C2EC002BF872 /* tails.png */,
				606C218F13C0C2EC002BF872 /* heads.png */,
				606C217813C0C026002BF872 /* MagicSwipe-Info.plist */,
				606C217913C0C026002BF872 /* InfoPlist.strings */,
				606C217C13C0C026002BF872 /* main.m */,
				606C217E13C0C026002BF872 /* MagicSwipe-Prefix.pch */,
			);
			name = "Supporting Files";
			sourceTree = "<group>";
		};
/* End PBXGroup section */

/* Begin PBXNativeTarget section */
		606C216B13C0C026002BF872 /* MagicSwipe */ = {
			isa = PBXNativeTarget;
			buildConfigurationList = 606C218B13C0C026002BF872 /* Build configuration list for PBXNativeTarget "MagicSwipe" */;
			buildPhases = (
				606C216813C0C026002BF872 /* Sources */,
				606C216913C0C026002BF872 /* Frameworks */,
				606C216A13C0C026002BF872 /* Resources */,
			);
			buildRules = (
			);
			dependencies = (
			);
			name = MagicSwipe;
			productName = MagicSwipe;
			productReference = 606C216C13C0C026002BF872 /* MagicSwipe.app */;
			productType = "com.apple.product-type.application";
		};
/* End PBXNativeTarget section */

/* Begin PBXProject section */
		606C216313C0C026002BF872 /* Project object */ = {
			isa = PBXProject;
			attributes = {
				ORGANIZATIONNAME = "http://ortatherox.com";
			};
			buildConfigurationList = 606C216613C0C026002BF872 /* Build configuration list for PBXProject "MagicSwipe" */;
			compatibilityVersion = "Xcode 3.2";
			developmentRegion = English;
			hasScannedForEncodings = 0;
			knownRegions = (
				en,
			);
			mainGroup = 606C216113C0C026002BF872;
			productRefGroup = 606C216D13C0C026002BF872 /* Products */;
			projectDirPath = "";
			projectRoot = "";
			targets = (
				606C216B13C0C026002BF872 /* MagicSwipe */,
			);
		};
/* End PBXProject section */

/* Begin PBXResourcesBuildPhase section */
		606C216A13C0C026002BF872 /* Resources */ = {
			isa = PBXResourcesBuildPhase;
			buildActionMask = 2147483647;
			files = (
				606C217B13C0C026002BF872 /* InfoPlist.strings in Resources */,
				606C218313C0C026002BF872 /* MagicSwipeViewController.h in Resources */,
				606C218813C0C026002BF872 /* MagicSwipeViewController.xib in Resources */,
				606C219013C0C2EC002BF872 /* tails.png in Resources */,
				606C219113C0C2EC002BF872 /* heads.png in Resources */,
				60985D0E13C0C47D00E375E9 /* fabric.jpg in Resources */,
				60985D1413C0C7A000E375E9 /* ting.mp3 in Resources */,
			);
			runOnlyForDeploymentPostprocessing = 0;
		};
/* End PBXResourcesBuildPhase section */

/* Begin PBXSourcesBuildPhase section */
		606C216813C0C026002BF872 /* Sources */ = {
			isa = PBXSourcesBuildPhase;
			buildActionMask = 2147483647;
			files = (
				606C217D13C0C026002BF872 /* main.m in Sources */,
				606C218113C0C026002BF872 /* MagicSwipeAppDelegate.m in Sources */,
				606C218513C0C026002BF872 /* MagicSwipeViewController.m in Sources */,
			);
			runOnlyForDeploymentPostprocessing = 0;
		};
/* End PBXSourcesBuildPhase section */

/* Begin PBXVariantGroup section */
		606C217913C0C026002BF872 /* InfoPlist.strings */ = {
			isa = PBXVariantGroup;
			children = (
				606C217A13C0C026002BF872 /* en */,
			);
			name = InfoPlist.strings;
			sourceTree = "<group>";
		};
		606C218613C0C026002BF872 /* MagicSwipeViewController.xib */ = {
			isa = PBXVariantGroup;
			children = (
				606C218713C0C026002BF872 /* en */,
			);
			name = MagicSwipeViewController.xib;
			sourceTree = "<group>";
		};
/* End PBXVariantGroup section */

/* Begin XCBuildConfiguration section */
		606C218913C0C026002BF872 /* Debug */ = {
			isa = XCBuildConfiguration;
			buildSettings = {
				ALWAYS_SEARCH_USER_PATHS = NO;
				ARCHS = "$(ARCHS_STANDARD_32_BIT)";
				CLANG_ENABLE_OBJC_ARC = YES;
				"CODE_SIGN_IDENTITY[sdk=iphoneos*]" = "iPhone Developer";
				COPY_PHASE_STRIP = NO;
				GCC_C_LANGUAGE_STANDARD = gnu99;
				GCC_DYNAMIC_NO_PIC = NO;
				GCC_OPTIMIZATION_LEVEL = 0;
				GCC_PREPROCESSOR_DEFINITIONS = (
					"DEBUG=1",
					"$(inherited)",
				);
				GCC_SYMBOLS_PRIVATE_EXTERN = NO;
				GCC_VERSION = com.apple.compilers.llvm.clang.1_0;
				GCC_WARN_ABOUT_MISSING_PROTOTYPES = YES;
				GCC_WARN_ABOUT_RETURN_TYPE = YES;
				GCC_WARN_UNUSED_VARIABLE = YES;
				IPHONEOS_DEPLOYMENT_TARGET = 5.0;
				SDKROOT = iphoneos;
			};
			name = Debug;
		};
		606C218A13C0C026002BF872 /* Release */ = {
			isa = XCBuildConfiguration;
			buildSettings = {
				ALWAYS_SEARCH_USER_PATHS = NO;
				ARCHS = "$(ARCHS_STANDARD_32_BIT)";
				CLANG_ENABLE_OBJC_ARC = YES;
				"CODE_SIGN_IDENTITY[sdk=iphoneos*]" = "iPhone Developer";
				COPY_PHASE_STRIP = YES;
				GCC_C_LANGUAGE_STANDARD = gnu99;
				GCC_VERSION = com.apple.compilers.llvm.clang.1_0;
				GCC_WARN_ABOUT_MISSING_PROTOTYPES = YES;
				GCC_WARN_ABOUT_RETURN_TYPE = YES;
				GCC_WARN_UNUSED_VARIABLE = YES;
				IPHONEOS_DEPLOYMENT_TARGET = 5.0;
				OTHER_CFLAGS = "-DNS_BLOCK_ASSERTIONS=1";
				SDKROOT = iphoneos;
				VALIDATE_PRODUCT = YES;
			};
			name = Release;
		};
		606C218C13C0C026002BF872 /* Debug */ = {
			isa = XCBuildConfiguration;
			buildSettings = {
				CLANG_ENABLE_OBJC_ARC = NO;
				CLANG_WARN_OBJCPP_ARC_ABI = NO;
				GCC_PRECOMPILE_PREFIX_HEADER = YES;
				GCC_PREFIX_HEADER = "MagicSwipe/MagicSwipe-Prefix.pch";
				INFOPLIST_FILE = "MagicSwipe/MagicSwipe-Info.plist";
				IPHONEOS_DEPLOYMENT_TARGET = 4.0;
				PRODUCT_NAME = "$(TARGET_NAME)";
				WRAPPER_EXTENSION = app;
			};
			name = Debug;
		};
		606C218D13C0C026002BF872 /* Release */ = {
			isa = XCBuildConfiguration;
			buildSettings = {
				CLANG_ENABLE_OBJC_ARC = NO;
				CLANG_WARN_OBJCPP_ARC_ABI = NO;
				GCC_PRECOMPILE_PREFIX_HEADER = YES;
				GCC_PREFIX_HEADER = "MagicSwipe/MagicSwipe-Prefix.pch";
				INFOPLIST_FILE = "MagicSwipe/MagicSwipe-Info.plist";
				IPHONEOS_DEPLOYMENT_TARGET = 4.0;
				PRODUCT_NAME = "$(TARGET_NAME)";
				WRAPPER_EXTENSION = app;
			};
			name = Release;
		};
/* End XCBuildConfiguration section */

/* Begin XCConfigurationList section */
		606C216613C0C026002BF872 /* Build configuration list for PBXProject "MagicSwipe" */ = {
			isa = XCConfigurationList;
			buildConfigurations = (
				606C218913C0C026002BF872 /* Debug */,
				606C218A13C0C026002BF872 /* Release */,
			);
			defaultConfigurationIsVisible = 0;
			defaultConfigurationName = Release;
		};
		606C218B13C0C026002BF872 /* Build configuration list for PBXNativeTarget "MagicSwipe" */ = {
			isa = XCConfigurationList;
			buildConfigurations = (
				606C218C13C0C026002BF872 /* Debug */,
				606C218D13C0C026002BF872 /* Release */,
			);
			defaultConfigurationIsVisible = 0;
			defaultConfigurationName = Release;
		};
/* End XCConfigurationList section */
	};
	rootObject = 606C216313C0C026002BF872 /* Project object */;
}
