// !$*UTF8*$!
{
	archiveVersion = 1;
	classes = {
	};
	objectVersion = 46;
	objects = {

/* Begin PBXBuildFile section */
		6001B3EC13FC0DB200839F51 /* Inventory.m in Sources */ = {isa = PBXBuildFile; fileRef = 6FD38AAC13F230530062D3FA /* Inventory.m */; };
		6001B3ED13FC0E2300839F51 /* main.m in Sources */ = {isa = PBXBuildFile; fileRef = 609B9FB813C901D400888A6E /* main.m */; };
		6002DC4613E7861F003A5D70 /* Game.m in Sources */ = {isa = PBXBuildFile; fileRef = 6002DC4513E7861F003A5D70 /* Game.m */; };
		6002DC4713E7861F003A5D70 /* Game.m in Sources */ = {isa = PBXBuildFile; fileRef = 6002DC4513E7861F003A5D70 /* Game.m */; };
		6002DC4813E7861F003A5D70 /* Game.m in Sources */ = {isa = PBXBuildFile; fileRef = 6002DC4513E7861F003A5D70 /* Game.m */; };
		60114B3913E390F7007F97A5 /* jquery.js in Resources */ = {isa = PBXBuildFile; fileRef = 60114B3613E387AA007F97A5 /* jquery.js */; };
		60114B3E13E44998007F97A5 /* jquery.js in Resources */ = {isa = PBXBuildFile; fileRef = 60114B3613E387AA007F97A5 /* jquery.js */; };
		60114B6B13E4C481007F97A5 /* KidB.m in Sources */ = {isa = PBXBuildFile; fileRef = 60114B5313E4C480007F97A5 /* KidB.m */; };
		60114B6C13E4C481007F97A5 /* ExitRoom.m in Sources */ = {isa = PBXBuildFile; fileRef = 60114B5513E4C480007F97A5 /* ExitRoom.m */; };
		60114B6D13E4C481007F97A5 /* Bubba.m in Sources */ = {isa = PBXBuildFile; fileRef = 60114B5813E4C480007F97A5 /* Bubba.m */; };
		60114B6E13E4C481007F97A5 /* Flag.m in Sources */ = {isa = PBXBuildFile; fileRef = 60114B5A13E4C480007F97A5 /* Flag.m */; };
		60114B6F13E4C481007F97A5 /* FoamSword.m in Sources */ = {isa = PBXBuildFile; fileRef = 60114B5C13E4C480007F97A5 /* FoamSword.m */; };
		60114B7013E4C481007F97A5 /* MegatronGame.m in Sources */ = {isa = PBXBuildFile; fileRef = 60114B5E13E4C480007F97A5 /* MegatronGame.m */; };
		60114B7113E4C481007F97A5 /* OpeningRoom.m in Sources */ = {isa = PBXBuildFile; fileRef = 60114B6013E4C480007F97A5 /* OpeningRoom.m */; };
		60114B7213E4C481007F97A5 /* OrtasRoom.m in Sources */ = {isa = PBXBuildFile; fileRef = 60114B6213E4C480007F97A5 /* OrtasRoom.m */; };
		60114B7313E4C481007F97A5 /* KidA.m in Sources */ = {isa = PBXBuildFile; fileRef = 60114B6513E4C480007F97A5 /* KidA.m */; };
		60114B7413E4C481007F97A5 /* Snake.m in Sources */ = {isa = PBXBuildFile; fileRef = 60114B6713E4C480007F97A5 /* Snake.m */; };
		60114B7513E4C481007F97A5 /* SnakesRoom.m in Sources */ = {isa = PBXBuildFile; fileRef = 60114B6A13E4C480007F97A5 /* SnakesRoom.m */; };
		60114B7913E5AF8F007F97A5 /* WibbleQuestSwipeHandlers.m in Sources */ = {isa = PBXBuildFile; fileRef = 60114B7813E5AF8F007F97A5 /* WibbleQuestSwipeHandlers.m */; };
		60114B7A13E5AF8F007F97A5 /* WibbleQuestSwipeHandlers.m in Sources */ = {isa = PBXBuildFile; fileRef = 60114B7813E5AF8F007F97A5 /* WibbleQuestSwipeHandlers.m */; };
		603B99C813D3C3F20001F9CD /* NSArray-named-captures.m in Sources */ = {isa = PBXBuildFile; fileRef = 603B99C713D3C3F20001F9CD /* NSArray-named-captures.m */; };
		6050F43113DC4B6700BB8E82 /* libsbjson-ios.a in Frameworks */ = {isa = PBXBuildFile; fileRef = 6050F42613DC483100BB8E82 /* libsbjson-ios.a */; };
		6065BC9213D3619000F1F6D4 /* StartingRoom.m in Sources */ = {isa = PBXBuildFile; fileRef = 6065BC9113D3619000F1F6D4 /* StartingRoom.m */; };
		606B2B7513D4F5B000B90223 /* WibbleObject.m in Sources */ = {isa = PBXBuildFile; fileRef = 606B2B7413D4F5B000B90223 /* WibbleObject.m */; };
		606B2B7713D4F8F100B90223 /* TODO in Resources */ = {isa = PBXBuildFile; fileRef = 606B2B7613D4F8F100B90223 /* TODO */; };
		606B2B7B13D5282B00B90223 /* initialIcon.png in Resources */ = {isa = PBXBuildFile; fileRef = 606B2B7A13D5282A00B90223 /* initialIcon.png */; };
		607CB92913D8EE4100A72FD2 /* InventoryTests.m in Sources */ = {isa = PBXBuildFile; fileRef = 607CB92813D8EE4100A72FD2 /* InventoryTests.m */; };
		607CB92C13D9070600A72FD2 /* FinaleRoom.m in Sources */ = {isa = PBXBuildFile; fileRef = 607CB92B13D9070600A72FD2 /* FinaleRoom.m */; };
		607CB92D13D9070600A72FD2 /* FinaleRoom.m in Sources */ = {isa = PBXBuildFile; fileRef = 607CB92B13D9070600A72FD2 /* FinaleRoom.m */; };
		6081AB1F13D23D25007C5545 /* GoatBoy.m in Sources */ = {isa = PBXBuildFile; fileRef = 6081AB1E13D23D25007C5545 /* GoatBoy.m */; };
		6081AB2313D243CD007C5545 /* Keytar.m in Sources */ = {isa = PBXBuildFile; fileRef = 6081AB2213D243CD007C5545 /* Keytar.m */; };
		6081AB2613D249D6007C5545 /* FloatstarPX.m in Sources */ = {isa = PBXBuildFile; fileRef = 6081AB2513D249D6007C5545 /* FloatstarPX.m */; };
		6081AB2913D24B87007C5545 /* Microphone.m in Sources */ = {isa = PBXBuildFile; fileRef = 6081AB2813D24B87007C5545 /* Microphone.m */; };
		609B9FAD13C901D400888A6E /* UIKit.framework in Frameworks */ = {isa = PBXBuildFile; fileRef = 609B9FAC13C901D400888A6E /* UIKit.framework */; };
		609B9FAF13C901D400888A6E /* Foundation.framework in Frameworks */ = {isa = PBXBuildFile; fileRef = 609B9FAE13C901D400888A6E /* Foundation.framework */; };
		609B9FB113C901D400888A6E /* CoreGraphics.framework in Frameworks */ = {isa = PBXBuildFile; fileRef = 609B9FB013C901D400888A6E /* CoreGraphics.framework */; };
		609B9FB913C901D400888A6E /* main.m in Sources */ = {isa = PBXBuildFile; fileRef = 609B9FB813C901D400888A6E /* main.m */; };
		609B9FBD13C901D400888A6E /* WQIOSAppDelegate.m in Sources */ = {isa = PBXBuildFile; fileRef = 609B9FBC13C901D400888A6E /* WQIOSAppDelegate.m */; };
		609B9FC013C901D400888A6E /* GameViewController.m in Sources */ = {isa = PBXBuildFile; fileRef = 609B9FBF13C901D400888A6E /* GameViewController.m */; };
		609B9FC313C901D400888A6E /* SettingsViewController.m in Sources */ = {isa = PBXBuildFile; fileRef = 609B9FC213C901D400888A6E /* SettingsViewController.m */; };
		609B9FC613C901D400888A6E /* MainViewController_iPhone.xib in Resources */ = {isa = PBXBuildFile; fileRef = 609B9FC413C901D400888A6E /* MainViewController_iPhone.xib */; };
		609B9FC913C901D400888A6E /* MainViewController_iPad.xib in Resources */ = {isa = PBXBuildFile; fileRef = 609B9FC713C901D400888A6E /* MainViewController_iPad.xib */; };
		609B9FCC13C901D400888A6E /* FlipsideViewController.xib in Resources */ = {isa = PBXBuildFile; fileRef = 609B9FCA13C901D400888A6E /* FlipsideViewController.xib */; };
		609B9FE013C9059100888A6E /* SettingsViewController.xib in Resources */ = {isa = PBXBuildFile; fileRef = 609B9FDE13C9059100888A6E /* SettingsViewController.xib */; };
		60BCD36F13DB4FAE00CBBB42 /* ShopTests.m in Sources */ = {isa = PBXBuildFile; fileRef = 60BCD36E13DB4FAE00CBBB42 /* ShopTests.m */; };
		60C021DB13E5D280009251C3 /* InfoPlist.strings in Resources */ = {isa = PBXBuildFile; fileRef = 60C021D913E5D280009251C3 /* InfoPlist.strings */; };
		60C021DD13E5D280009251C3 /* main.m in Sources */ = {isa = PBXBuildFile; fileRef = 60C021DC13E5D280009251C3 /* main.m */; };
		60C021E113E5D280009251C3 /* Credits.rtf in Resources */ = {isa = PBXBuildFile; fileRef = 60C021DF13E5D280009251C3 /* Credits.rtf */; };
		60C021E413E5D280009251C3 /* WibbleQuestAppDelegate.m in Sources */ = {isa = PBXBuildFile; fileRef = 60C021E313E5D280009251C3 /* WibbleQuestAppDelegate.m */; };
		60C021E713E5D280009251C3 /* MainMenu.xib in Resources */ = {isa = PBXBuildFile; fileRef = 60C021E513E5D280009251C3 /* MainMenu.xib */; };
		60C021EC13E5D2A6009251C3 /* UIKit.framework in Frameworks */ = {isa = PBXBuildFile; fileRef = 60C021EB13E5D2A6009251C3 /* UIKit.framework */; };
		60C021EE13E5D2C5009251C3 /* Cocoa.framework in Frameworks */ = {isa = PBXBuildFile; fileRef = 60C021ED13E5D2C5009251C3 /* Cocoa.framework */; };
		60C021F113E5D313009251C3 /* UIKit.framework in CopyFiles */ = {isa = PBXBuildFile; fileRef = 60C021EB13E5D2A6009251C3 /* UIKit.framework */; };
		60C021F213E5D46F009251C3 /* WQ.m in Sources */ = {isa = PBXBuildFile; fileRef = 60F49DDC13CBD76300BDB07C /* WQ.m */; };
		60C021F313E5D46F009251C3 /* WibbleQuest.m in Sources */ = {isa = PBXBuildFile; fileRef = 60CC9EFF13C9D5C0006D116C /* WibbleQuest.m */; };
		60C021F413E5D46F009251C3 /* WibbleQuestPrintingCategory.m in Sources */ = {isa = PBXBuildFile; fileRef = 60CC9F1A13C9F3CB006D116C /* WibbleQuestPrintingCategory.m */; };
		60C021F513E5D46F009251C3 /* WibbleQuestViewHandlingCategory.m in Sources */ = {isa = PBXBuildFile; fileRef = 60CC9F0113C9D5C0006D116C /* WibbleQuestViewHandlingCategory.m */; };
		60C021F613E5D46F009251C3 /* WibbleQuestSwipeHandlers.m in Sources */ = {isa = PBXBuildFile; fileRef = 60114B7813E5AF8F007F97A5 /* WibbleQuestSwipeHandlers.m */; };
		60C021F813E5D4CC009251C3 /* CommandInterpreter.m in Sources */ = {isa = PBXBuildFile; fileRef = 60CC9F2013CA0B6B006D116C /* CommandInterpreter.m */; };
		60C021F913E5D4CC009251C3 /* PlayerInventory.m in Sources */ = {isa = PBXBuildFile; fileRef = 60F49DD513CBD42C00BDB07C /* PlayerInventory.m */; };
		60C021FA13E5D4CC009251C3 /* Player.m in Sources */ = {isa = PBXBuildFile; fileRef = 60F5128513D1112300978EC0 /* Player.m */; };
		60C021FB13E5D4CC009251C3 /* Store.m in Sources */ = {isa = PBXBuildFile; fileRef = 6F36C4E013D3D03F003387F7 /* Store.m */; };
		60C021FC13E5D4CC009251C3 /* Person.m in Sources */ = {isa = PBXBuildFile; fileRef = 60F5128E13D11E7D00978EC0 /* Person.m */; };
		60C021FD13E5D4CC009251C3 /* Creature.m in Sources */ = {isa = PBXBuildFile; fileRef = 60CC9EF913C9D5C0006D116C /* Creature.m */; };
		60C021FE13E5D4CC009251C3 /* Item.m in Sources */ = {isa = PBXBuildFile; fileRef = 60CC9EFB13C9D5C0006D116C /* Item.m */; };
		60C021FF13E5D4CC009251C3 /* Room.m in Sources */ = {isa = PBXBuildFile; fileRef = 60CC9EFD13C9D5C0006D116C /* Room.m */; };
		60C0220013E5D4CC009251C3 /* WibbleObject.m in Sources */ = {isa = PBXBuildFile; fileRef = 606B2B7413D4F5B000B90223 /* WibbleObject.m */; };
		60C0220113E5D4CC009251C3 /* NSArray-Contains.m in Sources */ = {isa = PBXBuildFile; fileRef = 60F5129213D1200700978EC0 /* NSArray-Contains.m */; };
		60C0220213E5D4CC009251C3 /* NSArray-named-captures.m in Sources */ = {isa = PBXBuildFile; fileRef = 603B99C713D3C3F20001F9CD /* NSArray-named-captures.m */; };
		60C0220C13E5E410009251C3 /* GameViewController.m in Sources */ = {isa = PBXBuildFile; fileRef = 609B9FBF13C901D400888A6E /* GameViewController.m */; };
		60C0220D13E5E410009251C3 /* SettingsViewController.m in Sources */ = {isa = PBXBuildFile; fileRef = 609B9FC213C901D400888A6E /* SettingsViewController.m */; };
		60C0220E13E5E410009251C3 /* WQIOSAppDelegate.m in Sources */ = {isa = PBXBuildFile; fileRef = 609B9FBC13C901D400888A6E /* WQIOSAppDelegate.m */; };
		60C0220F13E5E4A8009251C3 /* MainViewController_iPhone.xib in Resources */ = {isa = PBXBuildFile; fileRef = 609B9FC413C901D400888A6E /* MainViewController_iPhone.xib */; };
		60C0221013E5E4A8009251C3 /* MainViewController_iPad.xib in Resources */ = {isa = PBXBuildFile; fileRef = 609B9FC713C901D400888A6E /* MainViewController_iPad.xib */; };
		60C0221113E5E4A8009251C3 /* SettingsViewController.xib in Resources */ = {isa = PBXBuildFile; fileRef = 609B9FDE13C9059100888A6E /* SettingsViewController.xib */; };
		60C0221213E5E52A009251C3 /* RockShop.m in Sources */ = {isa = PBXBuildFile; fileRef = 6F36C4E513D3D079003387F7 /* RockShop.m */; };
		60C0221313E5E52A009251C3 /* StartingRoom.m in Sources */ = {isa = PBXBuildFile; fileRef = 6065BC9113D3619000F1F6D4 /* StartingRoom.m */; };
		60C0221413E5E52A009251C3 /* FinaleRoom.m in Sources */ = {isa = PBXBuildFile; fileRef = 607CB92B13D9070600A72FD2 /* FinaleRoom.m */; };
		60C0221513E5E52A009251C3 /* BodyGuard.m in Sources */ = {isa = PBXBuildFile; fileRef = 60F512A113D1E59800978EC0 /* BodyGuard.m */; };
		60C0221613E5E52A009251C3 /* GoatBoy.m in Sources */ = {isa = PBXBuildFile; fileRef = 6081AB1E13D23D25007C5545 /* GoatBoy.m */; };
		60C0221713E5E52A009251C3 /* FloatstarPX.m in Sources */ = {isa = PBXBuildFile; fileRef = 6081AB2513D249D6007C5545 /* FloatstarPX.m */; };
		60C0221813E5E52A009251C3 /* Keytar.m in Sources */ = {isa = PBXBuildFile; fileRef = 6081AB2213D243CD007C5545 /* Keytar.m */; };
		60C0221913E5E52A009251C3 /* Microphone.m in Sources */ = {isa = PBXBuildFile; fileRef = 6081AB2813D24B87007C5545 /* Microphone.m */; };
		60C0221A13E5E52A009251C3 /* BTPGame.m in Sources */ = {isa = PBXBuildFile; fileRef = 60CC9F0C13C9DD01006D116C /* BTPGame.m */; };
		60C0221B13E5E52A009251C3 /* KidB.m in Sources */ = {isa = PBXBuildFile; fileRef = 60114B5313E4C480007F97A5 /* KidB.m */; };
		60C0221C13E5E52A009251C3 /* Bubba.m in Sources */ = {isa = PBXBuildFile; fileRef = 60114B5813E4C480007F97A5 /* Bubba.m */; };
		60C0221D13E5E52A009251C3 /* Flag.m in Sources */ = {isa = PBXBuildFile; fileRef = 60114B5A13E4C480007F97A5 /* Flag.m */; };
		60C0221E13E5E52A009251C3 /* FoamSword.m in Sources */ = {isa = PBXBuildFile; fileRef = 60114B5C13E4C480007F97A5 /* FoamSword.m */; };
		60C0221F13E5E52A009251C3 /* MegatronGame.m in Sources */ = {isa = PBXBuildFile; fileRef = 60114B5E13E4C480007F97A5 /* MegatronGame.m */; };
		60C0222013E5E52A009251C3 /* KidA.m in Sources */ = {isa = PBXBuildFile; fileRef = 60114B6513E4C480007F97A5 /* KidA.m */; };
		60C0222113E5E52A009251C3 /* Snake.m in Sources */ = {isa = PBXBuildFile; fileRef = 60114B6713E4C480007F97A5 /* Snake.m */; };
		60C0222213E5E52A009251C3 /* ExitRoom.m in Sources */ = {isa = PBXBuildFile; fileRef = 60114B5513E4C480007F97A5 /* ExitRoom.m */; };
		60C0222313E5E52A009251C3 /* OpeningRoom.m in Sources */ = {isa = PBXBuildFile; fileRef = 60114B6013E4C480007F97A5 /* OpeningRoom.m */; };
		60C0222413E5E52A009251C3 /* OrtasRoom.m in Sources */ = {isa = PBXBuildFile; fileRef = 60114B6213E4C480007F97A5 /* OrtasRoom.m */; };
		60C0222513E5E52A009251C3 /* SnakesRoom.m in Sources */ = {isa = PBXBuildFile; fileRef = 60114B6A13E4C480007F97A5 /* SnakesRoom.m */; };
		60CC9F0213C9D5C0006D116C /* Creature.m in Sources */ = {isa = PBXBuildFile; fileRef = 60CC9EF913C9D5C0006D116C /* Creature.m */; };
		60CC9F0313C9D5C0006D116C /* Item.m in Sources */ = {isa = PBXBuildFile; fileRef = 60CC9EFB13C9D5C0006D116C /* Item.m */; };
		60CC9F0413C9D5C0006D116C /* Room.m in Sources */ = {isa = PBXBuildFile; fileRef = 60CC9EFD13C9D5C0006D116C /* Room.m */; };
		60CC9F0513C9D5C0006D116C /* WibbleQuest.m in Sources */ = {isa = PBXBuildFile; fileRef = 60CC9EFF13C9D5C0006D116C /* WibbleQuest.m */; };
		60CC9F0613C9D5C0006D116C /* WibbleQuestViewHandlingCategory.m in Sources */ = {isa = PBXBuildFile; fileRef = 60CC9F0113C9D5C0006D116C /* WibbleQuestViewHandlingCategory.m */; };
		60CC9F0D13C9DD01006D116C /* BTPGame.m in Sources */ = {isa = PBXBuildFile; fileRef = 60CC9F0C13C9DD01006D116C /* BTPGame.m */; };
		60CC9F1113C9E40D006D116C /* index.html in Resources */ = {isa = PBXBuildFile; fileRef = 60CC9F1013C9E40D006D116C /* index.html */; };
		60CC9F1B13C9F3CC006D116C /* WibbleQuestPrintingCategory.m in Sources */ = {isa = PBXBuildFile; fileRef = 60CC9F1A13C9F3CB006D116C /* WibbleQuestPrintingCategory.m */; };
		60CC9F2113CA0B6B006D116C /* CommandInterpreter.m in Sources */ = {isa = PBXBuildFile; fileRef = 60CC9F2013CA0B6B006D116C /* CommandInterpreter.m */; };
		60CFABAC13FC9FF500A2D5B0 /* KIFTestScenario-NiceThings.m in Sources */ = {isa = PBXBuildFile; fileRef = 60CFABAB13FC9FF500A2D5B0 /* KIFTestScenario-NiceThings.m */; };
		60CFABF713FD5F9600A2D5B0 /* style.css in Resources */ = {isa = PBXBuildFile; fileRef = 60CFABF613FD5F9600A2D5B0 /* style.css */; };
		60CFABF913FD640000A2D5B0 /* Wibble.license in Resources */ = {isa = PBXBuildFile; fileRef = 60CFABF813FD640000A2D5B0 /* Wibble.license */; };
		60CFAC0013FD714800A2D5B0 /* AVFoundation.framework in Frameworks */ = {isa = PBXBuildFile; fileRef = 60CFABFF13FD714800A2D5B0 /* AVFoundation.framework */; };
		60ED574813E5E913006E4D27 /* Quartz.framework in Frameworks */ = {isa = PBXBuildFile; fileRef = 60ED574713E5E913006E4D27 /* Quartz.framework */; };
		60ED574913E5EB54006E4D27 /* index.html in Resources */ = {isa = PBXBuildFile; fileRef = 60CC9F1013C9E40D006D116C /* index.html */; };
		60ED574A13E5EB54006E4D27 /* jquery.js in Resources */ = {isa = PBXBuildFile; fileRef = 60114B3613E387AA007F97A5 /* jquery.js */; };
		60ED574B13E5EB54006E4D27 /* initialIcon.png in Resources */ = {isa = PBXBuildFile; fileRef = 606B2B7A13D5282A00B90223 /* initialIcon.png */; };
		60ED574C13E5EB54006E4D27 /* Wibble-Prefix.pch in Resources */ = {isa = PBXBuildFile; fileRef = 609B9FB413C901D400888A6E /* Wibble-Prefix.pch */; };
		60ED579713E7748B006E4D27 /* GameSelector.m in Sources */ = {isa = PBXBuildFile; fileRef = 60ED579613E7748A006E4D27 /* GameSelector.m */; };
		60ED579813E7748B006E4D27 /* GameSelector.m in Sources */ = {isa = PBXBuildFile; fileRef = 60ED579613E7748A006E4D27 /* GameSelector.m */; };
		60ED579913E7748B006E4D27 /* GameSelector.m in Sources */ = {isa = PBXBuildFile; fileRef = 60ED579613E7748A006E4D27 /* GameSelector.m */; };
		60F49DD613CBD42C00BDB07C /* PlayerInventory.m in Sources */ = {isa = PBXBuildFile; fileRef = 60F49DD513CBD42C00BDB07C /* PlayerInventory.m */; };
		60F49DDD13CBD76300BDB07C /* WQ.m in Sources */ = {isa = PBXBuildFile; fileRef = 60F49DDC13CBD76300BDB07C /* WQ.m */; };
		60F5128613D1112300978EC0 /* Player.m in Sources */ = {isa = PBXBuildFile; fileRef = 60F5128513D1112300978EC0 /* Player.m */; };
		60F5128F13D11E7E00978EC0 /* Person.m in Sources */ = {isa = PBXBuildFile; fileRef = 60F5128E13D11E7D00978EC0 /* Person.m */; };
		60F5129313D1200700978EC0 /* NSArray-Contains.m in Sources */ = {isa = PBXBuildFile; fileRef = 60F5129213D1200700978EC0 /* NSArray-Contains.m */; };
		60F512A213D1E59800978EC0 /* BodyGuard.m in Sources */ = {isa = PBXBuildFile; fileRef = 60F512A113D1E59800978EC0 /* BodyGuard.m */; };
		60FEA19213D653F0006997B0 /* WQIOSAppDelegate.m in Sources */ = {isa = PBXBuildFile; fileRef = 609B9FBC13C901D400888A6E /* WQIOSAppDelegate.m */; };
		60FEA19313D653F0006997B0 /* GameViewController.m in Sources */ = {isa = PBXBuildFile; fileRef = 609B9FBF13C901D400888A6E /* GameViewController.m */; };
		60FEA19413D653F0006997B0 /* SettingsViewController.m in Sources */ = {isa = PBXBuildFile; fileRef = 609B9FC213C901D400888A6E /* SettingsViewController.m */; };
		60FEA19513D653F0006997B0 /* Creature.m in Sources */ = {isa = PBXBuildFile; fileRef = 60CC9EF913C9D5C0006D116C /* Creature.m */; };
		60FEA19613D653F0006997B0 /* Item.m in Sources */ = {isa = PBXBuildFile; fileRef = 60CC9EFB13C9D5C0006D116C /* Item.m */; };
		60FEA19713D653F0006997B0 /* Room.m in Sources */ = {isa = PBXBuildFile; fileRef = 60CC9EFD13C9D5C0006D116C /* Room.m */; };
		60FEA19813D653F0006997B0 /* WibbleQuest.m in Sources */ = {isa = PBXBuildFile; fileRef = 60CC9EFF13C9D5C0006D116C /* WibbleQuest.m */; };
		60FEA19913D653F0006997B0 /* WibbleQuestViewHandlingCategory.m in Sources */ = {isa = PBXBuildFile; fileRef = 60CC9F0113C9D5C0006D116C /* WibbleQuestViewHandlingCategory.m */; };
		60FEA19A13D653F0006997B0 /* BTPGame.m in Sources */ = {isa = PBXBuildFile; fileRef = 60CC9F0C13C9DD01006D116C /* BTPGame.m */; };
		60FEA19B13D653F0006997B0 /* WibbleQuestPrintingCategory.m in Sources */ = {isa = PBXBuildFile; fileRef = 60CC9F1A13C9F3CB006D116C /* WibbleQuestPrintingCategory.m */; };
		60FEA19C13D653F0006997B0 /* CommandInterpreter.m in Sources */ = {isa = PBXBuildFile; fileRef = 60CC9F2013CA0B6B006D116C /* CommandInterpreter.m */; };
		60FEA19E13D653F0006997B0 /* PlayerInventory.m in Sources */ = {isa = PBXBuildFile; fileRef = 60F49DD513CBD42C00BDB07C /* PlayerInventory.m */; };
		60FEA19F13D653F0006997B0 /* WQ.m in Sources */ = {isa = PBXBuildFile; fileRef = 60F49DDC13CBD76300BDB07C /* WQ.m */; };
		60FEA1A013D653F0006997B0 /* Player.m in Sources */ = {isa = PBXBuildFile; fileRef = 60F5128513D1112300978EC0 /* Player.m */; };
		60FEA1A113D653F0006997B0 /* Person.m in Sources */ = {isa = PBXBuildFile; fileRef = 60F5128E13D11E7D00978EC0 /* Person.m */; };
		60FEA1A213D653F0006997B0 /* NSArray-Contains.m in Sources */ = {isa = PBXBuildFile; fileRef = 60F5129213D1200700978EC0 /* NSArray-Contains.m */; };
		60FEA1A313D653F0006997B0 /* BodyGuard.m in Sources */ = {isa = PBXBuildFile; fileRef = 60F512A113D1E59800978EC0 /* BodyGuard.m */; };
		60FEA1A413D653F0006997B0 /* GoatBoy.m in Sources */ = {isa = PBXBuildFile; fileRef = 6081AB1E13D23D25007C5545 /* GoatBoy.m */; };
		60FEA1A513D653F0006997B0 /* Keytar.m in Sources */ = {isa = PBXBuildFile; fileRef = 6081AB2213D243CD007C5545 /* Keytar.m */; };
		60FEA1A613D653F0006997B0 /* FloatstarPX.m in Sources */ = {isa = PBXBuildFile; fileRef = 6081AB2513D249D6007C5545 /* FloatstarPX.m */; };
		60FEA1A713D653F0006997B0 /* Microphone.m in Sources */ = {isa = PBXBuildFile; fileRef = 6081AB2813D24B87007C5545 /* Microphone.m */; };
		60FEA1A813D653F0006997B0 /* StartingRoom.m in Sources */ = {isa = PBXBuildFile; fileRef = 6065BC9113D3619000F1F6D4 /* StartingRoom.m */; };
		60FEA1A913D653F0006997B0 /* NSArray-named-captures.m in Sources */ = {isa = PBXBuildFile; fileRef = 603B99C713D3C3F20001F9CD /* NSArray-named-captures.m */; };
		60FEA1AA13D653F0006997B0 /* Store.m in Sources */ = {isa = PBXBuildFile; fileRef = 6F36C4E013D3D03F003387F7 /* Store.m */; };
		60FEA1AB13D653F0006997B0 /* RockShop.m in Sources */ = {isa = PBXBuildFile; fileRef = 6F36C4E513D3D079003387F7 /* RockShop.m */; };
		60FEA1AC13D653F0006997B0 /* WibbleObject.m in Sources */ = {isa = PBXBuildFile; fileRef = 606B2B7413D4F5B000B90223 /* WibbleObject.m */; };
		60FEA1AE13D653F0006997B0 /* UIKit.framework in Frameworks */ = {isa = PBXBuildFile; fileRef = 609B9FAC13C901D400888A6E /* UIKit.framework */; };
		60FEA1AF13D653F0006997B0 /* Foundation.framework in Frameworks */ = {isa = PBXBuildFile; fileRef = 609B9FAE13C901D400888A6E /* Foundation.framework */; };
		60FEA1B013D653F0006997B0 /* CoreGraphics.framework in Frameworks */ = {isa = PBXBuildFile; fileRef = 609B9FB013C901D400888A6E /* CoreGraphics.framework */; };
		60FEA1B313D653F0006997B0 /* MainViewController_iPhone.xib in Resources */ = {isa = PBXBuildFile; fileRef = 609B9FC413C901D400888A6E /* MainViewController_iPhone.xib */; };
		60FEA1B413D653F0006997B0 /* MainViewController_iPad.xib in Resources */ = {isa = PBXBuildFile; fileRef = 609B9FC713C901D400888A6E /* MainViewController_iPad.xib */; };
		60FEA1B513D653F0006997B0 /* FlipsideViewController.xib in Resources */ = {isa = PBXBuildFile; fileRef = 609B9FCA13C901D400888A6E /* FlipsideViewController.xib */; };
		60FEA1B613D653F0006997B0 /* SettingsViewController.xib in Resources */ = {isa = PBXBuildFile; fileRef = 609B9FDE13C9059100888A6E /* SettingsViewController.xib */; };
		60FEA1B713D653F0006997B0 /* index.html in Resources */ = {isa = PBXBuildFile; fileRef = 60CC9F1013C9E40D006D116C /* index.html */; };
		60FEA1B913D653F0006997B0 /* TODO in Resources */ = {isa = PBXBuildFile; fileRef = 606B2B7613D4F8F100B90223 /* TODO */; };
		60FEA1BA13D653F0006997B0 /* initialIcon.png in Resources */ = {isa = PBXBuildFile; fileRef = 606B2B7A13D5282A00B90223 /* initialIcon.png */; };
		60FEA1C213D6541D006997B0 /* libKIF.a in Frameworks */ = {isa = PBXBuildFile; fileRef = 60FEA1C113D6541D006997B0 /* libKIF.a */; };
		60FEA1CA13D65800006997B0 /* RoomAPI.m in Sources */ = {isa = PBXBuildFile; fileRef = 60FEA1C813D65800006997B0 /* RoomAPI.m */; };
		60FEA1CB13D65867006997B0 /* WBTestController.m in Sources */ = {isa = PBXBuildFile; fileRef = 60FEA1C513D6566B006997B0 /* WBTestController.m */; };
		60FEA1DC13D66D8E006997B0 /* KIFTestScenario-RunCommand.m in Sources */ = {isa = PBXBuildFile; fileRef = 60FEA1D913D66C44006997B0 /* KIFTestScenario-RunCommand.m */; };
		60FEA1E113D66E1F006997B0 /* KIFTestScenario-RoomCommands.m in Sources */ = {isa = PBXBuildFile; fileRef = 60FEA1DF13D66E0F006997B0 /* KIFTestScenario-RoomCommands.m */; };
		6F36C4E113D3D03F003387F7 /* Store.m in Sources */ = {isa = PBXBuildFile; fileRef = 6F36C4E013D3D03F003387F7 /* Store.m */; };
		6F36C4E613D3D079003387F7 /* RockShop.m in Sources */ = {isa = PBXBuildFile; fileRef = 6F36C4E513D3D079003387F7 /* RockShop.m */; };
		6F51B3D413FCC1A10089E1AC /* Sound.m in Sources */ = {isa = PBXBuildFile; fileRef = 6F51B3D313FCC1A10089E1AC /* Sound.m */; };
		6F51B3D513FCC1A10089E1AC /* Sound.m in Sources */ = {isa = PBXBuildFile; fileRef = 6F51B3D313FCC1A10089E1AC /* Sound.m */; };
		6F51B3D813FCC1AE0089E1AC /* AVFoundation.framework in Frameworks */ = {isa = PBXBuildFile; fileRef = 6F51B3D713FCC1AE0089E1AC /* AVFoundation.framework */; };
		6FD38AAD13F230540062D3FA /* Inventory.m in Sources */ = {isa = PBXBuildFile; fileRef = 6FD38AAC13F230530062D3FA /* Inventory.m */; };
/* End PBXBuildFile section */

/* Begin PBXContainerItemProxy section */
		6050F42113DC483100BB8E82 /* PBXContainerItemProxy */ = {
			isa = PBXContainerItemProxy;
			containerPortal = 6050F41713DC483100BB8E82 /* SBJson.xcodeproj */;
			proxyType = 2;
			remoteGlobalIDString = BC12323D1391D5CC00131607;
			remoteInfo = SBJson;
		};
		6050F42313DC483100BB8E82 /* PBXContainerItemProxy */ = {
			isa = PBXContainerItemProxy;
			containerPortal = 6050F41713DC483100BB8E82 /* SBJson.xcodeproj */;
			proxyType = 2;
			remoteGlobalIDString = BC1232521391D5CC00131607;
			remoteInfo = SBJsonTests;
		};
		6050F42513DC483100BB8E82 /* PBXContainerItemProxy */ = {
			isa = PBXContainerItemProxy;
			containerPortal = 6050F41713DC483100BB8E82 /* SBJson.xcodeproj */;
			proxyType = 2;
			remoteGlobalIDString = BCC2626913920FC7003D9994;
			remoteInfo = "sbjson-ios";
		};
		6050F42713DC483100BB8E82 /* PBXContainerItemProxy */ = {
			isa = PBXContainerItemProxy;
			containerPortal = 6050F41713DC483100BB8E82 /* SBJson.xcodeproj */;
			proxyType = 2;
			remoteGlobalIDString = BCC2627313920FC7003D9994;
			remoteInfo = "sbjson-iosTests";
		};
		6050F42E13DC493400BB8E82 /* PBXContainerItemProxy */ = {
			isa = PBXContainerItemProxy;
			containerPortal = 6050F42A13DC493300BB8E82 /* KIF.xcodeproj */;
			proxyType = 2;
			remoteGlobalIDString = AAB07268139719AC008AF393;
			remoteInfo = KIF;
		};
		6050F43213DC4BB300BB8E82 /* PBXContainerItemProxy */ = {
			isa = PBXContainerItemProxy;
			containerPortal = 6050F41713DC483100BB8E82 /* SBJson.xcodeproj */;
			proxyType = 1;
			remoteGlobalIDString = BCC2626813920FC7003D9994;
			remoteInfo = "sbjson-ios";
		};
		6050F43413DC4BDD00BB8E82 /* PBXContainerItemProxy */ = {
			isa = PBXContainerItemProxy;
			containerPortal = 6050F42A13DC493300BB8E82 /* KIF.xcodeproj */;
			proxyType = 1;
			remoteGlobalIDString = AAB07267139719AC008AF393;
			remoteInfo = KIF;
		};
/* End PBXContainerItemProxy section */

/* Begin PBXCopyFilesBuildPhase section */
		60C021F013E5D30A009251C3 /* CopyFiles */ = {
			isa = PBXCopyFilesBuildPhase;
			buildActionMask = 2147483647;
			dstPath = "";
			dstSubfolderSpec = 10;
			files = (
				60C021F113E5D313009251C3 /* UIKit.framework in CopyFiles */,
			);
			runOnlyForDeploymentPostprocessing = 0;
		};
/* End PBXCopyFilesBuildPhase section */

/* Begin PBXFileReference section */
		6002DC4313E78386003A5D70 /* GameSelector.h */ = {isa = PBXFileReference; fileEncoding = 4; lastKnownFileType = sourcecode.c.h; name = GameSelector.h; path = WibbleQuest/GameSelector.h; sourceTree = SOURCE_ROOT; };
		6002DC4413E7861F003A5D70 /* Game.h */ = {isa = PBXFileReference; fileEncoding = 4; lastKnownFileType = sourcecode.c.h; path = Game.h; sourceTree = "<group>"; };
		6002DC4513E7861F003A5D70 /* Game.m */ = {isa = PBXFileReference; fileEncoding = 4; lastKnownFileType = sourcecode.c.objc; path = Game.m; sourceTree = "<group>"; };
		60114B3613E387AA007F97A5 /* jquery.js */ = {isa = PBXFileReference; fileEncoding = 4; lastKnownFileType = sourcecode.javascript; name = jquery.js; path = html/jquery.js; sourceTree = "<group>"; };
		60114B5213E4C480007F97A5 /* KidB.h */ = {isa = PBXFileReference; fileEncoding = 4; lastKnownFileType = sourcecode.c.h; path = KidB.h; sourceTree = "<group>"; };
		60114B5313E4C480007F97A5 /* KidB.m */ = {isa = PBXFileReference; fileEncoding = 4; lastKnownFileType = sourcecode.c.objc; path = KidB.m; sourceTree = "<group>"; };
		60114B5413E4C480007F97A5 /* ExitRoom.h */ = {isa = PBXFileReference; fileEncoding = 4; lastKnownFileType = sourcecode.c.h; name = ExitRoom.h; path = ../ExitRoom.h; sourceTree = "<group>"; };
		60114B5513E4C480007F97A5 /* ExitRoom.m */ = {isa = PBXFileReference; fileEncoding = 4; lastKnownFileType = sourcecode.c.objc; name = ExitRoom.m; path = ../ExitRoom.m; sourceTree = "<group>"; };
		60114B5713E4C480007F97A5 /* Bubba.h */ = {isa = PBXFileReference; fileEncoding = 4; lastKnownFileType = sourcecode.c.h; path = Bubba.h; sourceTree = "<group>"; };
		60114B5813E4C480007F97A5 /* Bubba.m */ = {isa = PBXFileReference; fileEncoding = 4; lastKnownFileType = sourcecode.c.objc; path = Bubba.m; sourceTree = "<group>"; };
		60114B5913E4C480007F97A5 /* Flag.h */ = {isa = PBXFileReference; fileEncoding = 4; lastKnownFileType = sourcecode.c.h; path = Flag.h; sourceTree = "<group>"; };
		60114B5A13E4C480007F97A5 /* Flag.m */ = {isa = PBXFileReference; fileEncoding = 4; lastKnownFileType = sourcecode.c.objc; path = Flag.m; sourceTree = "<group>"; };
		60114B5B13E4C480007F97A5 /* FoamSword.h */ = {isa = PBXFileReference; fileEncoding = 4; lastKnownFileType = sourcecode.c.h; path = FoamSword.h; sourceTree = "<group>"; };
		60114B5C13E4C480007F97A5 /* FoamSword.m */ = {isa = PBXFileReference; fileEncoding = 4; lastKnownFileType = sourcecode.c.objc; path = FoamSword.m; sourceTree = "<group>"; };
		60114B5D13E4C480007F97A5 /* MegatronGame.h */ = {isa = PBXFileReference; fileEncoding = 4; lastKnownFileType = sourcecode.c.h; path = MegatronGame.h; sourceTree = "<group>"; };
		60114B5E13E4C480007F97A5 /* MegatronGame.m */ = {isa = PBXFileReference; fileEncoding = 4; lastKnownFileType = sourcecode.c.objc; path = MegatronGame.m; sourceTree = "<group>"; };
		60114B5F13E4C480007F97A5 /* OpeningRoom.h */ = {isa = PBXFileReference; fileEncoding = 4; lastKnownFileType = sourcecode.c.h; name = OpeningRoom.h; path = ../OpeningRoom.h; sourceTree = "<group>"; };
		60114B6013E4C480007F97A5 /* OpeningRoom.m */ = {isa = PBXFileReference; fileEncoding = 4; lastKnownFileType = sourcecode.c.objc; name = OpeningRoom.m; path = ../OpeningRoom.m; sourceTree = "<group>"; };
		60114B6113E4C480007F97A5 /* OrtasRoom.h */ = {isa = PBXFileReference; fileEncoding = 4; lastKnownFileType = sourcecode.c.h; name = OrtasRoom.h; path = ../OrtasRoom.h; sourceTree = "<group>"; };
		60114B6213E4C480007F97A5 /* OrtasRoom.m */ = {isa = PBXFileReference; fileEncoding = 4; lastKnownFileType = sourcecode.c.objc; name = OrtasRoom.m; path = ../OrtasRoom.m; sourceTree = "<group>"; };
		60114B6413E4C480007F97A5 /* KidA.h */ = {isa = PBXFileReference; fileEncoding = 4; lastKnownFileType = sourcecode.c.h; path = KidA.h; sourceTree = "<group>"; };
		60114B6513E4C480007F97A5 /* KidA.m */ = {isa = PBXFileReference; fileEncoding = 4; lastKnownFileType = sourcecode.c.objc; path = KidA.m; sourceTree = "<group>"; };
		60114B6613E4C480007F97A5 /* Snake.h */ = {isa = PBXFileReference; fileEncoding = 4; lastKnownFileType = sourcecode.c.h; path = Snake.h; sourceTree = "<group>"; };
		60114B6713E4C480007F97A5 /* Snake.m */ = {isa = PBXFileReference; fileEncoding = 4; lastKnownFileType = sourcecode.c.objc; path = Snake.m; sourceTree = "<group>"; };
		60114B6913E4C480007F97A5 /* SnakesRoom.h */ = {isa = PBXFileReference; fileEncoding = 4; lastKnownFileType = sourcecode.c.h; path = SnakesRoom.h; sourceTree = "<group>"; };
		60114B6A13E4C480007F97A5 /* SnakesRoom.m */ = {isa = PBXFileReference; fileEncoding = 4; lastKnownFileType = sourcecode.c.objc; path = SnakesRoom.m; sourceTree = "<group>"; };
		60114B7713E5AF8F007F97A5 /* WibbleQuestSwipeHandlers.h */ = {isa = PBXFileReference; fileEncoding = 4; lastKnownFileType = sourcecode.c.h; path = WibbleQuestSwipeHandlers.h; sourceTree = "<group>"; };
		60114B7813E5AF8F007F97A5 /* WibbleQuestSwipeHandlers.m */ = {isa = PBXFileReference; fileEncoding = 4; lastKnownFileType = sourcecode.c.objc; path = WibbleQuestSwipeHandlers.m; sourceTree = "<group>"; };
		603B99C613D3C3F20001F9CD /* NSArray-named-captures.h */ = {isa = PBXFileReference; fileEncoding = 4; lastKnownFileType = sourcecode.c.h; name = "NSArray-named-captures.h"; path = "Categories/NSArray-named-captures.h"; sourceTree = "<group>"; };
		603B99C713D3C3F20001F9CD /* NSArray-named-captures.m */ = {isa = PBXFileReference; fileEncoding = 4; lastKnownFileType = sourcecode.c.objc; name = "NSArray-named-captures.m"; path = "Categories/NSArray-named-captures.m"; sourceTree = "<group>"; };
		6050F3E213DB868100BB8E82 /* KIFScenario-Helpers.h */ = {isa = PBXFileReference; fileEncoding = 4; lastKnownFileType = sourcecode.c.h; name = "KIFScenario-Helpers.h"; path = "tests/KIFScenario-Helpers.h"; sourceTree = "<group>"; };
		6050F41713DC483100BB8E82 /* SBJson.xcodeproj */ = {isa = PBXFileReference; lastKnownFileType = "wrapper.pb-project"; name = SBJson.xcodeproj; path = vendor/json/SBJson.xcodeproj; sourceTree = "<group>"; };
		6050F42A13DC493300BB8E82 /* KIF.xcodeproj */ = {isa = PBXFileReference; lastKnownFileType = "wrapper.pb-project"; name = KIF.xcodeproj; path = vendor/KIF/KIF.xcodeproj; sourceTree = "<group>"; };
		6065BC9013D3619000F1F6D4 /* StartingRoom.h */ = {isa = PBXFileReference; fileEncoding = 4; lastKnownFileType = sourcecode.c.h; name = StartingRoom.h; path = Rooms/StartingRoom.h; sourceTree = "<group>"; };
		6065BC9113D3619000F1F6D4 /* StartingRoom.m */ = {isa = PBXFileReference; fileEncoding = 4; lastKnownFileType = sourcecode.c.objc; name = StartingRoom.m; path = Rooms/StartingRoom.m; sourceTree = "<group>"; };
		606B2B7313D4F5AF00B90223 /* WibbleObject.h */ = {isa = PBXFileReference; fileEncoding = 4; lastKnownFileType = sourcecode.c.h; path = WibbleObject.h; sourceTree = "<group>"; };
		606B2B7413D4F5B000B90223 /* WibbleObject.m */ = {isa = PBXFileReference; fileEncoding = 4; lastKnownFileType = sourcecode.c.objc; path = WibbleObject.m; sourceTree = "<group>"; };
		606B2B7613D4F8F100B90223 /* TODO */ = {isa = PBXFileReference; fileEncoding = 4; lastKnownFileType = text; path = TODO; sourceTree = "<group>"; };
		606B2B7A13D5282A00B90223 /* initialIcon.png */ = {isa = PBXFileReference; lastKnownFileType = image.png; name = initialIcon.png; path = ../WibbleQuest/shared/initialIcon.png; sourceTree = "<group>"; };
		607CB92713D8EE4100A72FD2 /* InventoryTests.h */ = {isa = PBXFileReference; fileEncoding = 4; lastKnownFileType = sourcecode.c.h; name = InventoryTests.h; path = tests/items/InventoryTests.h; sourceTree = "<group>"; };
		607CB92813D8EE4100A72FD2 /* InventoryTests.m */ = {isa = PBXFileReference; fileEncoding = 4; lastKnownFileType = sourcecode.c.objc; name = InventoryTests.m; path = tests/items/InventoryTests.m; sourceTree = "<group>"; };
		607CB92A13D9070600A72FD2 /* FinaleRoom.h */ = {isa = PBXFileReference; fileEncoding = 4; lastKnownFileType = sourcecode.c.h; name = FinaleRoom.h; path = Rooms/FinaleRoom.h; sourceTree = "<group>"; };
		607CB92B13D9070600A72FD2 /* FinaleRoom.m */ = {isa = PBXFileReference; fileEncoding = 4; lastKnownFileType = sourcecode.c.objc; name = FinaleRoom.m; path = Rooms/FinaleRoom.m; sourceTree = "<group>"; };
		6081AB1D13D23D25007C5545 /* GoatBoy.h */ = {isa = PBXFileReference; fileEncoding = 4; lastKnownFileType = sourcecode.c.h; name = GoatBoy.h; path = People/GoatBoy.h; sourceTree = "<group>"; };
		6081AB1E13D23D25007C5545 /* GoatBoy.m */ = {isa = PBXFileReference; fileEncoding = 4; lastKnownFileType = sourcecode.c.objc; name = GoatBoy.m; path = People/GoatBoy.m; sourceTree = "<group>"; };
		6081AB2113D243CD007C5545 /* Keytar.h */ = {isa = PBXFileReference; fileEncoding = 4; lastKnownFileType = sourcecode.c.h; name = Keytar.h; path = Items/Keytar.h; sourceTree = "<group>"; };
		6081AB2213D243CD007C5545 /* Keytar.m */ = {isa = PBXFileReference; fileEncoding = 4; lastKnownFileType = sourcecode.c.objc; name = Keytar.m; path = Items/Keytar.m; sourceTree = "<group>"; };
		6081AB2413D249D6007C5545 /* FloatstarPX.h */ = {isa = PBXFileReference; fileEncoding = 4; lastKnownFileType = sourcecode.c.h; name = FloatstarPX.h; path = People/FloatstarPX.h; sourceTree = "<group>"; };
		6081AB2513D249D6007C5545 /* FloatstarPX.m */ = {isa = PBXFileReference; fileEncoding = 4; lastKnownFileType = sourcecode.c.objc; name = FloatstarPX.m; path = People/FloatstarPX.m; sourceTree = "<group>"; };
		6081AB2713D24B87007C5545 /* Microphone.h */ = {isa = PBXFileReference; fileEncoding = 4; lastKnownFileType = sourcecode.c.h; name = Microphone.h; path = Items/Microphone.h; sourceTree = "<group>"; };
		6081AB2813D24B87007C5545 /* Microphone.m */ = {isa = PBXFileReference; fileEncoding = 4; lastKnownFileType = sourcecode.c.objc; name = Microphone.m; path = Items/Microphone.m; sourceTree = "<group>"; };
		609B9FA813C901D400888A6E /* WibbleQuest-iOS.app */ = {isa = PBXFileReference; explicitFileType = wrapper.application; includeInIndex = 0; path = "WibbleQuest-iOS.app"; sourceTree = BUILT_PRODUCTS_DIR; };
		609B9FAC13C901D400888A6E /* UIKit.framework */ = {isa = PBXFileReference; lastKnownFileType = wrapper.framework; name = UIKit.framework; path = System/Library/Frameworks/UIKit.framework; sourceTree = SDKROOT; };
		609B9FAE13C901D400888A6E /* Foundation.framework */ = {isa = PBXFileReference; lastKnownFileType = wrapper.framework; name = Foundation.framework; path = System/Library/Frameworks/Foundation.framework; sourceTree = SDKROOT; };
		609B9FB013C901D400888A6E /* CoreGraphics.framework */ = {isa = PBXFileReference; lastKnownFileType = wrapper.framework; name = CoreGraphics.framework; path = System/Library/Frameworks/CoreGraphics.framework; sourceTree = SDKROOT; };
		609B9FB413C901D400888A6E /* Wibble-Prefix.pch */ = {isa = PBXFileReference; lastKnownFileType = sourcecode.c.h; name = "Wibble-Prefix.pch"; path = "../WibbleQuest/shared/Wibble-Prefix.pch"; sourceTree = "<group>"; };
		609B9FB813C901D400888A6E /* main.m */ = {isa = PBXFileReference; lastKnownFileType = sourcecode.c.objc; path = main.m; sourceTree = "<group>"; };
		609B9FBA13C901D400888A6E /* WibbleQuest-Info.plist */ = {isa = PBXFileReference; lastKnownFileType = text.plist.xml; name = "WibbleQuest-Info.plist"; path = "../WibbleQuest/shared/WibbleQuest-Info.plist"; sourceTree = "<group>"; };
		609B9FBC13C901D400888A6E /* WQIOSAppDelegate.m */ = {isa = PBXFileReference; lastKnownFileType = sourcecode.c.objc; path = WQIOSAppDelegate.m; sourceTree = "<group>"; };
		609B9FBE13C901D400888A6E /* GameViewController.h */ = {isa = PBXFileReference; lastKnownFileType = sourcecode.c.h; path = GameViewController.h; sourceTree = "<group>"; };
		609B9FBF13C901D400888A6E /* GameViewController.m */ = {isa = PBXFileReference; lastKnownFileType = sourcecode.c.objc; path = GameViewController.m; sourceTree = "<group>"; };
		609B9FC113C901D400888A6E /* SettingsViewController.h */ = {isa = PBXFileReference; lastKnownFileType = sourcecode.c.h; path = SettingsViewController.h; sourceTree = "<group>"; };
		609B9FC213C901D400888A6E /* SettingsViewController.m */ = {isa = PBXFileReference; lastKnownFileType = sourcecode.c.objc; path = SettingsViewController.m; sourceTree = "<group>"; };
		609B9FC513C901D400888A6E /* en */ = {isa = PBXFileReference; lastKnownFileType = file.xib; name = en; path = en.lproj/MainViewController_iPhone.xib; sourceTree = "<group>"; };
		609B9FC813C901D400888A6E /* en */ = {isa = PBXFileReference; lastKnownFileType = file.xib; name = en; path = en.lproj/MainViewController_iPad.xib; sourceTree = "<group>"; };
		609B9FDF13C9059100888A6E /* en */ = {isa = PBXFileReference; lastKnownFileType = file.xib; name = en; path = en.lproj/SettingsViewController.xib; sourceTree = "<group>"; };
		60BCD36D13DB4FAE00CBBB42 /* ShopTests.h */ = {isa = PBXFileReference; fileEncoding = 4; lastKnownFileType = sourcecode.c.h; name = ShopTests.h; path = tests/shop/ShopTests.h; sourceTree = "<group>"; };
		60BCD36E13DB4FAE00CBBB42 /* ShopTests.m */ = {isa = PBXFileReference; fileEncoding = 4; lastKnownFileType = sourcecode.c.objc; name = ShopTests.m; path = tests/shop/ShopTests.m; sourceTree = "<group>"; };
		60C021CD13E5D280009251C3 /* WibbleQuest-Mac.app */ = {isa = PBXFileReference; explicitFileType = wrapper.application; includeInIndex = 0; path = "WibbleQuest-Mac.app"; sourceTree = BUILT_PRODUCTS_DIR; };
		60C021D313E5D280009251C3 /* AppKit.framework */ = {isa = PBXFileReference; lastKnownFileType = wrapper.framework; name = AppKit.framework; path = Library/Frameworks/AppKit.framework; sourceTree = SDKROOT; };
		60C021D413E5D280009251C3 /* CoreData.framework */ = {isa = PBXFileReference; lastKnownFileType = wrapper.framework; name = CoreData.framework; path = Library/Frameworks/CoreData.framework; sourceTree = SDKROOT; };
		60C021D513E5D280009251C3 /* Foundation.framework */ = {isa = PBXFileReference; lastKnownFileType = wrapper.framework; name = Foundation.framework; path = Library/Frameworks/Foundation.framework; sourceTree = SDKROOT; };
		60C021D813E5D280009251C3 /* WibbleQuest-Info.plist */ = {isa = PBXFileReference; lastKnownFileType = text.plist.xml; path = "WibbleQuest-Info.plist"; sourceTree = "<group>"; };
		60C021DA13E5D280009251C3 /* en */ = {isa = PBXFileReference; lastKnownFileType = text.plist.strings; name = en; path = en.lproj/InfoPlist.strings; sourceTree = "<group>"; };
		60C021DC13E5D280009251C3 /* main.m */ = {isa = PBXFileReference; lastKnownFileType = sourcecode.c.objc; path = main.m; sourceTree = "<group>"; };
		60C021DE13E5D280009251C3 /* WibbleQuest-Prefix.pch */ = {isa = PBXFileReference; lastKnownFileType = sourcecode.c.h; path = "WibbleQuest-Prefix.pch"; sourceTree = "<group>"; };
		60C021E013E5D280009251C3 /* en */ = {isa = PBXFileReference; lastKnownFileType = text.rtf; name = en; path = en.lproj/Credits.rtf; sourceTree = "<group>"; };
		60C021E213E5D280009251C3 /* WibbleQuestAppDelegate.h */ = {isa = PBXFileReference; lastKnownFileType = sourcecode.c.h; path = WibbleQuestAppDelegate.h; sourceTree = "<group>"; };
		60C021E313E5D280009251C3 /* WibbleQuestAppDelegate.m */ = {isa = PBXFileReference; lastKnownFileType = sourcecode.c.objc; path = WibbleQuestAppDelegate.m; sourceTree = "<group>"; };
		60C021E613E5D280009251C3 /* en */ = {isa = PBXFileReference; lastKnownFileType = file.xib; name = en; path = en.lproj/MainMenu.xib; sourceTree = "<group>"; };
		60C021EB13E5D2A6009251C3 /* UIKit.framework */ = {isa = PBXFileReference; lastKnownFileType = wrapper.framework; path = UIKit.framework; sourceTree = "<group>"; };
		60C021ED13E5D2C5009251C3 /* Cocoa.framework */ = {isa = PBXFileReference; lastKnownFileType = wrapper.framework; name = Cocoa.framework; path = SDKs/MacOSX10.7.sdk/System/Library/Frameworks/Cocoa.framework; sourceTree = DEVELOPER_DIR; };
		60CC9EF813C9D5C0006D116C /* Creature.h */ = {isa = PBXFileReference; fileEncoding = 4; lastKnownFileType = sourcecode.c.h; lineEnding = 0; path = Creature.h; sourceTree = "<group>"; xcLanguageSpecificationIdentifier = xcode.lang.objcpp; };
		60CC9EF913C9D5C0006D116C /* Creature.m */ = {isa = PBXFileReference; fileEncoding = 4; lastKnownFileType = sourcecode.c.objc; lineEnding = 0; path = Creature.m; sourceTree = "<group>"; xcLanguageSpecificationIdentifier = xcode.lang.objc; };
		60CC9EFA13C9D5C0006D116C /* Item.h */ = {isa = PBXFileReference; fileEncoding = 4; lastKnownFileType = sourcecode.c.h; path = Item.h; sourceTree = "<group>"; };
		60CC9EFB13C9D5C0006D116C /* Item.m */ = {isa = PBXFileReference; fileEncoding = 4; lastKnownFileType = sourcecode.c.objc; path = Item.m; sourceTree = "<group>"; };
		60CC9EFC13C9D5C0006D116C /* Room.h */ = {isa = PBXFileReference; fileEncoding = 4; lastKnownFileType = sourcecode.c.h; path = Room.h; sourceTree = "<group>"; };
		60CC9EFD13C9D5C0006D116C /* Room.m */ = {isa = PBXFileReference; fileEncoding = 4; lastKnownFileType = sourcecode.c.objc; path = Room.m; sourceTree = "<group>"; };
		60CC9EFE13C9D5C0006D116C /* WibbleQuest.h */ = {isa = PBXFileReference; fileEncoding = 4; lastKnownFileType = sourcecode.c.h; path = WibbleQuest.h; sourceTree = "<group>"; };
		60CC9EFF13C9D5C0006D116C /* WibbleQuest.m */ = {isa = PBXFileReference; fileEncoding = 4; lastKnownFileType = sourcecode.c.objc; path = WibbleQuest.m; sourceTree = "<group>"; };
		60CC9F0013C9D5C0006D116C /* WibbleQuestViewHandlingCategory.h */ = {isa = PBXFileReference; fileEncoding = 4; lastKnownFileType = sourcecode.c.h; path = WibbleQuestViewHandlingCategory.h; sourceTree = "<group>"; };
		60CC9F0113C9D5C0006D116C /* WibbleQuestViewHandlingCategory.m */ = {isa = PBXFileReference; fileEncoding = 4; lastKnownFileType = sourcecode.c.objc; path = WibbleQuestViewHandlingCategory.m; sourceTree = "<group>"; };
		60CC9F0B13C9DD01006D116C /* BTPGame.h */ = {isa = PBXFileReference; fileEncoding = 4; lastKnownFileType = sourcecode.c.h; path = BTPGame.h; sourceTree = "<group>"; };
		60CC9F0C13C9DD01006D116C /* BTPGame.m */ = {isa = PBXFileReference; fileEncoding = 4; lastKnownFileType = sourcecode.c.objc; path = BTPGame.m; sourceTree = "<group>"; };
		60CC9F1013C9E40D006D116C /* index.html */ = {isa = PBXFileReference; fileEncoding = 4; lastKnownFileType = text.html; name = index.html; path = html/index.html; sourceTree = "<group>"; };
		60CC9F1913C9F3CA006D116C /* WibbleQuestPrintingCategory.h */ = {isa = PBXFileReference; fileEncoding = 4; lastKnownFileType = sourcecode.c.h; path = WibbleQuestPrintingCategory.h; sourceTree = "<group>"; };
		60CC9F1A13C9F3CB006D116C /* WibbleQuestPrintingCategory.m */ = {isa = PBXFileReference; fileEncoding = 4; lastKnownFileType = sourcecode.c.objc; path = WibbleQuestPrintingCategory.m; sourceTree = "<group>"; };
		60CC9F1F13CA0B6B006D116C /* CommandInterpreter.h */ = {isa = PBXFileReference; fileEncoding = 4; lastKnownFileType = sourcecode.c.h; lineEnding = 0; path = CommandInterpreter.h; sourceTree = "<group>"; xcLanguageSpecificationIdentifier = xcode.lang.objcpp; };
		60CC9F2013CA0B6B006D116C /* CommandInterpreter.m */ = {isa = PBXFileReference; fileEncoding = 4; lastKnownFileType = sourcecode.c.objc; lineEnding = 0; path = CommandInterpreter.m; sourceTree = "<group>"; xcLanguageSpecificationIdentifier = xcode.lang.objc; };
		60CFABAA13FC9FF500A2D5B0 /* KIFTestScenario-NiceThings.h */ = {isa = PBXFileReference; fileEncoding = 4; lastKnownFileType = sourcecode.c.h; name = "KIFTestScenario-NiceThings.h"; path = "tests/icing/KIFTestScenario-NiceThings.h"; sourceTree = "<group>"; };
		60CFABAB13FC9FF500A2D5B0 /* KIFTestScenario-NiceThings.m */ = {isa = PBXFileReference; fileEncoding = 4; lastKnownFileType = sourcecode.c.objc; name = "KIFTestScenario-NiceThings.m"; path = "tests/icing/KIFTestScenario-NiceThings.m"; sourceTree = "<group>"; };
		60CFABF613FD5F9600A2D5B0 /* style.css */ = {isa = PBXFileReference; fileEncoding = 4; lastKnownFileType = text.css; name = style.css; path = WibbleQuest/html/style.css; sourceTree = SOURCE_ROOT; };
		60CFABF813FD640000A2D5B0 /* Wibble.license */ = {isa = PBXFileReference; fileEncoding = 4; lastKnownFileType = text; name = Wibble.license; path = WibbleQuest/shared/Wibble.license; sourceTree = SOURCE_ROOT; };
		60CFABFF13FD714800A2D5B0 /* AVFoundation.framework */ = {isa = PBXFileReference; lastKnownFileType = wrapper.framework; name = AVFoundation.framework; path = System/Library/Frameworks/AVFoundation.framework; sourceTree = SDKROOT; };
		60ED574713E5E913006E4D27 /* Quartz.framework */ = {isa = PBXFileReference; lastKnownFileType = wrapper.framework; name = Quartz.framework; path = SDKs/MacOSX10.7.sdk/System/Library/Frameworks/Quartz.framework; sourceTree = DEVELOPER_DIR; };
		60ED578E13E76FD0006E4D27 /* WQIOSAppDelegate.h */ = {isa = PBXFileReference; fileEncoding = 4; lastKnownFileType = sourcecode.c.h; path = WQIOSAppDelegate.h; sourceTree = "<group>"; };
		60ED579613E7748A006E4D27 /* GameSelector.m */ = {isa = PBXFileReference; fileEncoding = 4; lastKnownFileType = sourcecode.c.objc; name = GameSelector.m; path = WibbleQuest/GameSelector.m; sourceTree = SOURCE_ROOT; };
		60F49DD413CBD42C00BDB07C /* PlayerInventory.h */ = {isa = PBXFileReference; fileEncoding = 4; lastKnownFileType = sourcecode.c.h; path = PlayerInventory.h; sourceTree = "<group>"; };
		60F49DD513CBD42C00BDB07C /* PlayerInventory.m */ = {isa = PBXFileReference; fileEncoding = 4; lastKnownFileType = sourcecode.c.objc; path = PlayerInventory.m; sourceTree = "<group>"; };
		60F49DDB13CBD76300BDB07C /* WQ.h */ = {isa = PBXFileReference; fileEncoding = 4; lastKnownFileType = sourcecode.c.h; path = WQ.h; sourceTree = "<group>"; };
		60F49DDC13CBD76300BDB07C /* WQ.m */ = {isa = PBXFileReference; fileEncoding = 4; lastKnownFileType = sourcecode.c.objc; path = WQ.m; sourceTree = "<group>"; };
		60F5128413D1112300978EC0 /* Player.h */ = {isa = PBXFileReference; fileEncoding = 4; lastKnownFileType = sourcecode.c.h; path = Player.h; sourceTree = "<group>"; };
		60F5128513D1112300978EC0 /* Player.m */ = {isa = PBXFileReference; fileEncoding = 4; lastKnownFileType = sourcecode.c.objc; path = Player.m; sourceTree = "<group>"; };
		60F5128D13D11E7D00978EC0 /* Person.h */ = {isa = PBXFileReference; fileEncoding = 4; lastKnownFileType = sourcecode.c.h; path = Person.h; sourceTree = "<group>"; };
		60F5128E13D11E7D00978EC0 /* Person.m */ = {isa = PBXFileReference; fileEncoding = 4; lastKnownFileType = sourcecode.c.objc; path = Person.m; sourceTree = "<group>"; };
		60F5129113D1200700978EC0 /* NSArray-Contains.h */ = {isa = PBXFileReference; fileEncoding = 4; lastKnownFileType = sourcecode.c.h; name = "NSArray-Contains.h"; path = "Categories/NSArray-Contains.h"; sourceTree = "<group>"; };
		60F5129213D1200700978EC0 /* NSArray-Contains.m */ = {isa = PBXFileReference; fileEncoding = 4; lastKnownFileType = sourcecode.c.objc; name = "NSArray-Contains.m"; path = "Categories/NSArray-Contains.m"; sourceTree = "<group>"; };
		60F512A013D1E59800978EC0 /* BodyGuard.h */ = {isa = PBXFileReference; fileEncoding = 4; lastKnownFileType = sourcecode.c.h; lineEnding = 0; name = BodyGuard.h; path = Creatures/BodyGuard.h; sourceTree = "<group>"; xcLanguageSpecificationIdentifier = xcode.lang.objcpp; };
		60F512A113D1E59800978EC0 /* BodyGuard.m */ = {isa = PBXFileReference; fileEncoding = 4; lastKnownFileType = sourcecode.c.objc; lineEnding = 0; name = BodyGuard.m; path = Creatures/BodyGuard.m; sourceTree = "<group>"; xcLanguageSpecificationIdentifier = xcode.lang.objc; };
		60FEA1BE13D653F0006997B0 /* WibbleTests.app */ = {isa = PBXFileReference; explicitFileType = wrapper.application; includeInIndex = 0; path = WibbleTests.app; sourceTree = BUILT_PRODUCTS_DIR; };
		60FEA1C113D6541D006997B0 /* libKIF.a */ = {isa = PBXFileReference; lastKnownFileType = archive.ar; name = libKIF.a; path = "vendor/KIF/build/Release-iphoneos/libKIF.a"; sourceTree = "<group>"; };
		60FEA1C413D6566B006997B0 /* WBTestController.h */ = {isa = PBXFileReference; fileEncoding = 4; lastKnownFileType = sourcecode.c.h; name = WBTestController.h; path = tests/WBTestController.h; sourceTree = "<group>"; };
		60FEA1C513D6566B006997B0 /* WBTestController.m */ = {isa = PBXFileReference; fileEncoding = 4; lastKnownFileType = sourcecode.c.objc; name = WBTestController.m; path = tests/WBTestController.m; sourceTree = "<group>"; };
		60FEA1C713D65800006997B0 /* RoomAPI.h */ = {isa = PBXFileReference; fileEncoding = 4; lastKnownFileType = sourcecode.c.h; name = RoomAPI.h; path = tests/RoomAPI.h; sourceTree = "<group>"; };
		60FEA1C813D65800006997B0 /* RoomAPI.m */ = {isa = PBXFileReference; fileEncoding = 4; lastKnownFileType = sourcecode.c.objc; name = RoomAPI.m; path = tests/RoomAPI.m; sourceTree = "<group>"; };
		60FEA1D813D66C44006997B0 /* KIFTestScenario-RunCommand.h */ = {isa = PBXFileReference; fileEncoding = 4; lastKnownFileType = sourcecode.c.h; name = "KIFTestScenario-RunCommand.h"; path = "tests/icing/KIFTestScenario-RunCommand.h"; sourceTree = "<group>"; };
		60FEA1D913D66C44006997B0 /* KIFTestScenario-RunCommand.m */ = {isa = PBXFileReference; fileEncoding = 4; lastKnownFileType = sourcecode.c.objc; name = "KIFTestScenario-RunCommand.m"; path = "tests/icing/KIFTestScenario-RunCommand.m"; sourceTree = "<group>"; };
		60FEA1DE13D66E0F006997B0 /* KIFTestScenario-RoomCommands.h */ = {isa = PBXFileReference; fileEncoding = 4; lastKnownFileType = sourcecode.c.h; name = "KIFTestScenario-RoomCommands.h"; path = "tests/room/KIFTestScenario-RoomCommands.h"; sourceTree = "<group>"; };
		60FEA1DF13D66E0F006997B0 /* KIFTestScenario-RoomCommands.m */ = {isa = PBXFileReference; fileEncoding = 4; lastKnownFileType = sourcecode.c.objc; name = "KIFTestScenario-RoomCommands.m"; path = "tests/room/KIFTestScenario-RoomCommands.m"; sourceTree = "<group>"; };
		6F36C4DF13D3D03F003387F7 /* Store.h */ = {isa = PBXFileReference; fileEncoding = 4; lastKnownFileType = sourcecode.c.h; path = Store.h; sourceTree = "<group>"; };
		6F36C4E013D3D03F003387F7 /* Store.m */ = {isa = PBXFileReference; fileEncoding = 4; lastKnownFileType = sourcecode.c.objc; path = Store.m; sourceTree = "<group>"; };
		6F36C4E413D3D079003387F7 /* RockShop.h */ = {isa = PBXFileReference; fileEncoding = 4; lastKnownFileType = sourcecode.c.h; path = RockShop.h; sourceTree = "<group>"; };
		6F36C4E513D3D079003387F7 /* RockShop.m */ = {isa = PBXFileReference; fileEncoding = 4; lastKnownFileType = sourcecode.c.objc; path = RockShop.m; sourceTree = "<group>"; };
		6F51B3D213FCC1A10089E1AC /* Sound.h */ = {isa = PBXFileReference; fileEncoding = 4; lastKnownFileType = sourcecode.c.h; path = Sound.h; sourceTree = "<group>"; };
		6F51B3D313FCC1A10089E1AC /* Sound.m */ = {isa = PBXFileReference; fileEncoding = 4; lastKnownFileType = sourcecode.c.objc; path = Sound.m; sourceTree = "<group>"; };
		6F51B3D713FCC1AE0089E1AC /* AVFoundation.framework */ = {isa = PBXFileReference; lastKnownFileType = wrapper.framework; name = AVFoundation.framework; path = System/Library/Frameworks/AVFoundation.framework; sourceTree = SDKROOT; };
		6FD38AAB13F230520062D3FA /* Inventory.h */ = {isa = PBXFileReference; fileEncoding = 4; lastKnownFileType = sourcecode.c.h; path = Inventory.h; sourceTree = "<group>"; };
		6FD38AAC13F230530062D3FA /* Inventory.m */ = {isa = PBXFileReference; fileEncoding = 4; lastKnownFileType = sourcecode.c.objc; path = Inventory.m; sourceTree = "<group>"; };
/* End PBXFileReference section */

/* Begin PBXFrameworksBuildPhase section */
		609B9FA513C901D400888A6E /* Frameworks */ = {
			isa = PBXFrameworksBuildPhase;
			buildActionMask = 2147483647;
			files = (
				6F51B3D813FCC1AE0089E1AC /* AVFoundation.framework in Frameworks */,
				609B9FAD13C901D400888A6E /* UIKit.framework in Frameworks */,
				609B9FAF13C901D400888A6E /* Foundation.framework in Frameworks */,
				609B9FB113C901D400888A6E /* CoreGraphics.framework in Frameworks */,
			);
			runOnlyForDeploymentPostprocessing = 0;
		};
		60C021CA13E5D280009251C3 /* Frameworks */ = {
			isa = PBXFrameworksBuildPhase;
			buildActionMask = 2147483647;
			files = (
				60ED574813E5E913006E4D27 /* Quartz.framework in Frameworks */,
				60C021EE13E5D2C5009251C3 /* Cocoa.framework in Frameworks */,
				60C021EC13E5D2A6009251C3 /* UIKit.framework in Frameworks */,
			);
			runOnlyForDeploymentPostprocessing = 0;
		};
		60FEA1AD13D653F0006997B0 /* Frameworks */ = {
			isa = PBXFrameworksBuildPhase;
			buildActionMask = 2147483647;
			files = (
				60CFAC0013FD714800A2D5B0 /* AVFoundation.framework in Frameworks */,
				6050F43113DC4B6700BB8E82 /* libsbjson-ios.a in Frameworks */,
				60FEA1C213D6541D006997B0 /* libKIF.a in Frameworks */,
				60FEA1AE13D653F0006997B0 /* UIKit.framework in Frameworks */,
				60FEA1AF13D653F0006997B0 /* Foundation.framework in Frameworks */,
				60FEA1B013D653F0006997B0 /* CoreGraphics.framework in Frameworks */,
			);
			runOnlyForDeploymentPostprocessing = 0;
		};
/* End PBXFrameworksBuildPhase section */

/* Begin PBXGroup section */
		60114B5013E4C480007F97A5 /* Megatron */ = {
			isa = PBXGroup;
			children = (
				60114B6313E4C480007F97A5 /* People */,
				60114B6813E4C480007F97A5 /* Rooms */,
				60114B5113E4C480007F97A5 /* Creatures */,
				60114B5613E4C480007F97A5 /* Items */,
				60114B5D13E4C480007F97A5 /* MegatronGame.h */,
				60114B5E13E4C480007F97A5 /* MegatronGame.m */,
			);
			name = Megatron;
			path = ../Megatron;
			sourceTree = "<group>";
		};
		60114B5113E4C480007F97A5 /* Creatures */ = {
			isa = PBXGroup;
			children = (
				60114B5213E4C480007F97A5 /* KidB.h */,
				60114B5313E4C480007F97A5 /* KidB.m */,
			);
			path = Creatures;
			sourceTree = "<group>";
		};
		60114B5613E4C480007F97A5 /* Items */ = {
			isa = PBXGroup;
			children = (
				60114B5713E4C480007F97A5 /* Bubba.h */,
				60114B5813E4C480007F97A5 /* Bubba.m */,
				60114B5913E4C480007F97A5 /* Flag.h */,
				60114B5A13E4C480007F97A5 /* Flag.m */,
				60114B5B13E4C480007F97A5 /* FoamSword.h */,
				60114B5C13E4C480007F97A5 /* FoamSword.m */,
			);
			path = Items;
			sourceTree = "<group>";
		};
		60114B6313E4C480007F97A5 /* People */ = {
			isa = PBXGroup;
			children = (
				60114B6413E4C480007F97A5 /* KidA.h */,
				60114B6513E4C480007F97A5 /* KidA.m */,
				60114B6613E4C480007F97A5 /* Snake.h */,
				60114B6713E4C480007F97A5 /* Snake.m */,
			);
			path = People;
			sourceTree = "<group>";
		};
		60114B6813E4C480007F97A5 /* Rooms */ = {
			isa = PBXGroup;
			children = (
				60114B5413E4C480007F97A5 /* ExitRoom.h */,
				60114B5513E4C480007F97A5 /* ExitRoom.m */,
				60114B5F13E4C480007F97A5 /* OpeningRoom.h */,
				60114B6013E4C480007F97A5 /* OpeningRoom.m */,
				60114B6113E4C480007F97A5 /* OrtasRoom.h */,
				60114B6213E4C480007F97A5 /* OrtasRoom.m */,
				60114B6913E4C480007F97A5 /* SnakesRoom.h */,
				60114B6A13E4C480007F97A5 /* SnakesRoom.m */,
			);
			path = Rooms;
			sourceTree = "<group>";
		};
		60114B7613E4C491007F97A5 /* Kieronononon */ = {
			isa = PBXGroup;
			children = (
				6F36C4E313D3D06D003387F7 /* Shop */,
				6065BC8E13D3616F00F1F6D4 /* Rooms */,
				60F5128913D11D0200978EC0 /* Creatures */,
				60F5128813D11CE200978EC0 /* People */,
				60F49DD013CBD33E00BDB07C /* Items */,
				60CC9F0B13C9DD01006D116C /* BTPGame.h */,
				60CC9F0C13C9DD01006D116C /* BTPGame.m */,
			);
			name = Kieronononon;
			sourceTree = "<group>";
		};
		6050F41513DC480100BB8E82 /* Vendor */ = {
			isa = PBXGroup;
			children = (
				60C021CF13E5D280009251C3 /* Frameworks */,
				60C021EB13E5D2A6009251C3 /* UIKit.framework */,
				6050F42A13DC493300BB8E82 /* KIF.xcodeproj */,
				60FEA1C113D6541D006997B0 /* libKIF.a */,
				6050F41713DC483100BB8E82 /* SBJson.xcodeproj */,
			);
			name = Vendor;
			path = ..;
			sourceTree = "<group>";
		};
		6050F41813DC483100BB8E82 /* Products */ = {
			isa = PBXGroup;
			children = (
				6050F42213DC483100BB8E82 /* SBJson.framework */,
				6050F42413DC483100BB8E82 /* SBJsonTests.octest */,
				6050F42613DC483100BB8E82 /* libsbjson-ios.a */,
				6050F42813DC483100BB8E82 /* sbjson-iosTests.octest */,
			);
			name = Products;
			sourceTree = "<group>";
		};
		6050F42B13DC493300BB8E82 /* Products */ = {
			isa = PBXGroup;
			children = (
				6050F42F13DC493400BB8E82 /* libKIF.a */,
			);
			name = Products;
			sourceTree = "<group>";
		};
		6065BC8E13D3616F00F1F6D4 /* Rooms */ = {
			isa = PBXGroup;
			children = (
				6065BC9013D3619000F1F6D4 /* StartingRoom.h */,
				6065BC9113D3619000F1F6D4 /* StartingRoom.m */,
				607CB92A13D9070600A72FD2 /* FinaleRoom.h */,
				607CB92B13D9070600A72FD2 /* FinaleRoom.m */,
			);
			name = Rooms;
			sourceTree = "<group>";
		};
		607CB92513D8EDE800A72FD2 /* Items / Inventory */ = {
			isa = PBXGroup;
			children = (
				607CB92713D8EE4100A72FD2 /* InventoryTests.h */,
				607CB92813D8EE4100A72FD2 /* InventoryTests.m */,
			);
			name = "Items / Inventory";
			sourceTree = "<group>";
		};
		609B9F9D13C901D400888A6E = {
			isa = PBXGroup;
			children = (
				609B9FB213C901D400888A6E /* Game */,
				60CC9EF713C9D5C0006D116C /* WibbleQuest */,
				609B9FA913C901D400888A6E /* Products */,
			);
			sourceTree = "<group>";
		};
		609B9FA913C901D400888A6E /* Products */ = {
			isa = PBXGroup;
			children = (
				609B9FA813C901D400888A6E /* WibbleQuest-iOS.app */,
				60FEA1BE13D653F0006997B0 /* WibbleTests.app */,
				60C021CD13E5D280009251C3 /* WibbleQuest-Mac.app */,
			);
			name = Products;
			sourceTree = "<group>";
		};
		609B9FAB13C901D400888A6E /* Frameworks */ = {
			isa = PBXGroup;
			children = (
				6F51B3D713FCC1AE0089E1AC /* AVFoundation.framework */,
				609B9FAC13C901D400888A6E /* UIKit.framework */,
				609B9FAE13C901D400888A6E /* Foundation.framework */,
				609B9FB013C901D400888A6E /* CoreGraphics.framework */,
			);
			name = Frameworks;
			path = ..;
			sourceTree = "<group>";
		};
		609B9FB213C901D400888A6E /* Game */ = {
			isa = PBXGroup;
			children = (
				60114B7613E4C491007F97A5 /* Kieronononon */,
				60114B5013E4C480007F97A5 /* Megatron */,
				60ED579613E7748A006E4D27 /* GameSelector.m */,
				6002DC4313E78386003A5D70 /* GameSelector.h */,
				60CFABF613FD5F9600A2D5B0 /* style.css */,
				606B2B7A13D5282A00B90223 /* initialIcon.png */,
			);
			name = Game;
			path = KieronononGame;
			sourceTree = "<group>";
		};
		609B9FB313C901D400888A6E /* Supporting Files */ = {
			isa = PBXGroup;
			children = (
				609B9FB413C901D400888A6E /* Wibble-Prefix.pch */,
				609B9FB813C901D400888A6E /* main.m */,
				609B9FBA13C901D400888A6E /* WibbleQuest-Info.plist */,
			);
			name = "Supporting Files";
			path = ../KieronononGame;
			sourceTree = "<group>";
		};
		609B9FD213C901E200888A6E /* WibbleQuestiOS */ = {
			isa = PBXGroup;
			children = (
				609B9FAB13C901D400888A6E /* Frameworks */,
				60CC9F0E13C9DD90006D116C /* ViewControllers */,
				609B9FBC13C901D400888A6E /* WQIOSAppDelegate.m */,
				60ED578E13E76FD0006E4D27 /* WQIOSAppDelegate.h */,
			);
			name = WibbleQuestiOS;
			path = iOS;
			sourceTree = "<group>";
		};
		60BCD36B13DB4F8A00CBBB42 /* Shop */ = {
			isa = PBXGroup;
			children = (
				60BCD36D13DB4FAE00CBBB42 /* ShopTests.h */,
				60BCD36E13DB4FAE00CBBB42 /* ShopTests.m */,
			);
			name = Shop;
			sourceTree = "<group>";
		};
		60C021CF13E5D280009251C3 /* Frameworks */ = {
			isa = PBXGroup;
			children = (
				60CFABFF13FD714800A2D5B0 /* AVFoundation.framework */,
				60ED574713E5E913006E4D27 /* Quartz.framework */,
				60C021ED13E5D2C5009251C3 /* Cocoa.framework */,
				60C021D213E5D280009251C3 /* Other Frameworks */,
			);
			name = Frameworks;
			sourceTree = "<group>";
		};
		60C021D213E5D280009251C3 /* Other Frameworks */ = {
			isa = PBXGroup;
			children = (
				60C021D313E5D280009251C3 /* AppKit.framework */,
				60C021D413E5D280009251C3 /* CoreData.framework */,
				60C021D513E5D280009251C3 /* Foundation.framework */,
			);
			name = "Other Frameworks";
			sourceTree = "<group>";
		};
		60C021D613E5D280009251C3 /* WibbleQuestOSX */ = {
			isa = PBXGroup;
			children = (
				60C021E213E5D280009251C3 /* WibbleQuestAppDelegate.h */,
				60C021E313E5D280009251C3 /* WibbleQuestAppDelegate.m */,
				60C021E513E5D280009251C3 /* MainMenu.xib */,
				60C021D713E5D280009251C3 /* Supporting Files */,
			);
			name = WibbleQuestOSX;
			sourceTree = "<group>";
		};
		60C021D713E5D280009251C3 /* Supporting Files */ = {
			isa = PBXGroup;
			children = (
				60C021D813E5D280009251C3 /* WibbleQuest-Info.plist */,
				60C021D913E5D280009251C3 /* InfoPlist.strings */,
				60C021DC13E5D280009251C3 /* main.m */,
				60C021DE13E5D280009251C3 /* WibbleQuest-Prefix.pch */,
				60C021DF13E5D280009251C3 /* Credits.rtf */,
			);
			name = "Supporting Files";
			sourceTree = "<group>";
		};
		60CC9EF713C9D5C0006D116C /* WibbleQuest */ = {
			isa = PBXGroup;
			children = (
				60CFABF813FD640000A2D5B0 /* Wibble.license */,
				609B9FD213C901E200888A6E /* WibbleQuestiOS */,
				60C021D613E5D280009251C3 /* WibbleQuestOSX */,
				609B9FB313C901D400888A6E /* Supporting Files */,
				60FEA1C313D65598006997B0 /* Tests */,
				6050F41513DC480100BB8E82 /* Vendor */,
				606B2B7613D4F8F100B90223 /* TODO */,
				60F5129D13D1C7BE00978EC0 /* Core */,
				60F5129C13D1C79B00978EC0 /* Root Objects */,
				60F5129013D11FDA00978EC0 /* Categories */,
				60CC9F0F13C9E3E8006D116C /* html */,
			);
			path = WibbleQuest;
			sourceTree = "<group>";
		};
		60CC9F0E13C9DD90006D116C /* ViewControllers */ = {
			isa = PBXGroup;
			children = (
				609B9FBE13C901D400888A6E /* GameViewController.h */,
				609B9FBF13C901D400888A6E /* GameViewController.m */,
				609B9FC413C901D400888A6E /* MainViewController_iPhone.xib */,
				609B9FC713C901D400888A6E /* MainViewController_iPad.xib */,
				609B9FC113C901D400888A6E /* SettingsViewController.h */,
				609B9FC213C901D400888A6E /* SettingsViewController.m */,
				609B9FDE13C9059100888A6E /* SettingsViewController.xib */,
			);
			name = ViewControllers;
			sourceTree = "<group>";
		};
		60CC9F0F13C9E3E8006D116C /* html */ = {
			isa = PBXGroup;
			children = (
				60CC9F1013C9E40D006D116C /* index.html */,
				60114B3613E387AA007F97A5 /* jquery.js */,
			);
			name = html;
			sourceTree = "<group>";
		};
		60F49DD013CBD33E00BDB07C /* Items */ = {
			isa = PBXGroup;
			children = (
				6081AB2113D243CD007C5545 /* Keytar.h */,
				6081AB2213D243CD007C5545 /* Keytar.m */,
				6081AB2713D24B87007C5545 /* Microphone.h */,
				6081AB2813D24B87007C5545 /* Microphone.m */,
			);
			name = Items;
			sourceTree = "<group>";
		};
		60F5128813D11CE200978EC0 /* People */ = {
			isa = PBXGroup;
			children = (
				6081AB1D13D23D25007C5545 /* GoatBoy.h */,
				6081AB1E13D23D25007C5545 /* GoatBoy.m */,
				6081AB2413D249D6007C5545 /* FloatstarPX.h */,
				6081AB2513D249D6007C5545 /* FloatstarPX.m */,
			);
			name = People;
			sourceTree = "<group>";
		};
		60F5128913D11D0200978EC0 /* Creatures */ = {
			isa = PBXGroup;
			children = (
				60F512A013D1E59800978EC0 /* BodyGuard.h */,
				60F512A113D1E59800978EC0 /* BodyGuard.m */,
			);
			name = Creatures;
			sourceTree = "<group>";
		};
		60F5129013D11FDA00978EC0 /* Categories */ = {
			isa = PBXGroup;
			children = (
				60F5129113D1200700978EC0 /* NSArray-Contains.h */,
				60F5129213D1200700978EC0 /* NSArray-Contains.m */,
				603B99C613D3C3F20001F9CD /* NSArray-named-captures.h */,
				603B99C713D3C3F20001F9CD /* NSArray-named-captures.m */,
			);
			name = Categories;
			sourceTree = "<group>";
		};
		60F5129C13D1C79B00978EC0 /* Root Objects */ = {
			isa = PBXGroup;
			children = (
				6F36C4DF13D3D03F003387F7 /* Store.h */,
				6F36C4E013D3D03F003387F7 /* Store.m */,
				60F5128D13D11E7D00978EC0 /* Person.h */,
				60F5128E13D11E7D00978EC0 /* Person.m */,
				60CC9EF813C9D5C0006D116C /* Creature.h */,
				60CC9EF913C9D5C0006D116C /* Creature.m */,
				60CC9EFA13C9D5C0006D116C /* Item.h */,
				60CC9EFB13C9D5C0006D116C /* Item.m */,
				60CC9EFC13C9D5C0006D116C /* Room.h */,
				60CC9EFD13C9D5C0006D116C /* Room.m */,
				606B2B7313D4F5AF00B90223 /* WibbleObject.h */,
				606B2B7413D4F5B000B90223 /* WibbleObject.m */,
				6002DC4413E7861F003A5D70 /* Game.h */,
				6002DC4513E7861F003A5D70 /* Game.m */,
			);
			name = "Root Objects";
			path = objects;
			sourceTree = "<group>";
		};
		60F5129D13D1C7BE00978EC0 /* Core */ = {
			isa = PBXGroup;
			children = (
				60F49DDB13CBD76300BDB07C /* WQ.h */,
				60F49DDC13CBD76300BDB07C /* WQ.m */,
				60CC9EFE13C9D5C0006D116C /* WibbleQuest.h */,
				60CC9EFF13C9D5C0006D116C /* WibbleQuest.m */,
				60CC9F1913C9F3CA006D116C /* WibbleQuestPrintingCategory.h */,
				60CC9F1A13C9F3CB006D116C /* WibbleQuestPrintingCategory.m */,
				60CC9F0013C9D5C0006D116C /* WibbleQuestViewHandlingCategory.h */,
				60CC9F0113C9D5C0006D116C /* WibbleQuestViewHandlingCategory.m */,
				60114B7713E5AF8F007F97A5 /* WibbleQuestSwipeHandlers.h */,
				60114B7813E5AF8F007F97A5 /* WibbleQuestSwipeHandlers.m */,
				60CC9F1F13CA0B6B006D116C /* CommandInterpreter.h */,
				60CC9F2013CA0B6B006D116C /* CommandInterpreter.m */,
				6FD38AAB13F230520062D3FA /* Inventory.h */,
				6FD38AAC13F230530062D3FA /* Inventory.m */,
				60F49DD413CBD42C00BDB07C /* PlayerInventory.h */,
				60F49DD513CBD42C00BDB07C /* PlayerInventory.m */,
				60F5128413D1112300978EC0 /* Player.h */,
				60F5128513D1112300978EC0 /* Player.m */,
				6F51B3D213FCC1A10089E1AC /* Sound.h */,
				6F51B3D313FCC1A10089E1AC /* Sound.m */,
			);
			name = Core;
			path = core;
			sourceTree = "<group>";
		};
		60FEA1C313D65598006997B0 /* Tests */ = {
			isa = PBXGroup;
			children = (
				60BCD36B13DB4F8A00CBBB42 /* Shop */,
				607CB92513D8EDE800A72FD2 /* Items / Inventory */,
				60FEA1DD13D66DD8006997B0 /* Room / movement */,
				60FEA1DB13D66C79006997B0 /* Core */,
				60FEA1C413D6566B006997B0 /* WBTestController.h */,
				60FEA1C513D6566B006997B0 /* WBTestController.m */,
			);
			name = Tests;
			path = ..;
			sourceTree = "<group>";
		};
		60FEA1DB13D66C79006997B0 /* Core */ = {
			isa = PBXGroup;
			children = (
				60CFABAA13FC9FF500A2D5B0 /* KIFTestScenario-NiceThings.h */,
				60CFABAB13FC9FF500A2D5B0 /* KIFTestScenario-NiceThings.m */,
				60FEA1D813D66C44006997B0 /* KIFTestScenario-RunCommand.h */,
				60FEA1D913D66C44006997B0 /* KIFTestScenario-RunCommand.m */,
				6050F3E213DB868100BB8E82 /* KIFScenario-Helpers.h */,
			);
			name = Core;
			sourceTree = "<group>";
		};
		60FEA1DD13D66DD8006997B0 /* Room / movement */ = {
			isa = PBXGroup;
			children = (
				60FEA1C713D65800006997B0 /* RoomAPI.h */,
				60FEA1C813D65800006997B0 /* RoomAPI.m */,
				60FEA1DE13D66E0F006997B0 /* KIFTestScenario-RoomCommands.h */,
				60FEA1DF13D66E0F006997B0 /* KIFTestScenario-RoomCommands.m */,
			);
			name = "Room / movement";
			sourceTree = "<group>";
		};
		6F36C4E313D3D06D003387F7 /* Shop */ = {
			isa = PBXGroup;
			children = (
				6F36C4E413D3D079003387F7 /* RockShop.h */,
				6F36C4E513D3D079003387F7 /* RockShop.m */,
			);
			name = Shop;
			sourceTree = "<group>";
		};
/* End PBXGroup section */

/* Begin PBXNativeTarget section */
		609B9FA713C901D400888A6E /* WibbleQuest-iOS */ = {
			isa = PBXNativeTarget;
			buildConfigurationList = 609B9FCF13C901D400888A6E /* Build configuration list for PBXNativeTarget "WibbleQuest-iOS" */;
			buildPhases = (
				609B9FA413C901D400888A6E /* Sources */,
				609B9FA513C901D400888A6E /* Frameworks */,
				609B9FA613C901D400888A6E /* Resources */,
			);
			buildRules = (
			);
			dependencies = (
				6050F43313DC4BB300BB8E82 /* PBXTargetDependency */,
			);
			name = "WibbleQuest-iOS";
			productName = MyBoots;
			productReference = 609B9FA813C901D400888A6E /* WibbleQuest-iOS.app */;
			productType = "com.apple.product-type.application";
		};
		60C021CC13E5D280009251C3 /* WibbleQuest-Mac */ = {
			isa = PBXNativeTarget;
			buildConfigurationList = 60C021E813E5D280009251C3 /* Build configuration list for PBXNativeTarget "WibbleQuest-Mac" */;
			buildPhases = (
				60C021C913E5D280009251C3 /* Sources */,
				60C021CA13E5D280009251C3 /* Frameworks */,
				60C021CB13E5D280009251C3 /* Resources */,
				60C021F013E5D30A009251C3 /* CopyFiles */,
			);
			buildRules = (
			);
			dependencies = (
			);
			name = "WibbleQuest-Mac";
			productName = WibbleQuest;
			productReference = 60C021CD13E5D280009251C3 /* WibbleQuest-Mac.app */;
			productType = "com.apple.product-type.application";
		};
		60FEA18F13D653F0006997B0 /* Wibble Tests */ = {
			isa = PBXNativeTarget;
			buildConfigurationList = 60FEA1BB13D653F0006997B0 /* Build configuration list for PBXNativeTarget "Wibble Tests" */;
			buildPhases = (
				60FEA19013D653F0006997B0 /* Sources */,
				60FEA1AD13D653F0006997B0 /* Frameworks */,
				60FEA1B113D653F0006997B0 /* Resources */,
			);
			buildRules = (
			);
			dependencies = (
				6050F43513DC4BDD00BB8E82 /* PBXTargetDependency */,
			);
			name = "Wibble Tests";
			productName = MyBoots;
			productReference = 60FEA1BE13D653F0006997B0 /* WibbleTests.app */;
			productType = "com.apple.product-type.application";
		};
/* End PBXNativeTarget section */

/* Begin PBXProject section */
		609B9F9F13C901D400888A6E /* Project object */ = {
			isa = PBXProject;
			attributes = {
				LastUpgradeCheck = 0420;
				ORGANIZATIONNAME = "http://ortatherox.com";
			};
			buildConfigurationList = 609B9FA213C901D400888A6E /* Build configuration list for PBXProject "WibbleQuest" */;
			compatibilityVersion = "Xcode 3.2";
			developmentRegion = English;
			hasScannedForEncodings = 0;
			knownRegions = (
				en,
			);
			mainGroup = 609B9F9D13C901D400888A6E;
			productRefGroup = 609B9FA913C901D400888A6E /* Products */;
			projectDirPath = "";
			projectReferences = (
				{
					ProductGroup = 6050F42B13DC493300BB8E82 /* Products */;
					ProjectRef = 6050F42A13DC493300BB8E82 /* KIF.xcodeproj */;
				},
				{
					ProductGroup = 6050F41813DC483100BB8E82 /* Products */;
					ProjectRef = 6050F41713DC483100BB8E82 /* SBJson.xcodeproj */;
				},
			);
			projectRoot = "";
			targets = (
				609B9FA713C901D400888A6E /* WibbleQuest-iOS */,
				60FEA18F13D653F0006997B0 /* Wibble Tests */,
				60C021CC13E5D280009251C3 /* WibbleQuest-Mac */,
			);
		};
/* End PBXProject section */

/* Begin PBXReferenceProxy section */
		6050F42213DC483100BB8E82 /* SBJson.framework */ = {
			isa = PBXReferenceProxy;
			fileType = wrapper.framework;
			path = SBJson.framework;
			remoteRef = 6050F42113DC483100BB8E82 /* PBXContainerItemProxy */;
			sourceTree = BUILT_PRODUCTS_DIR;
		};
		6050F42413DC483100BB8E82 /* SBJsonTests.octest */ = {
			isa = PBXReferenceProxy;
			fileType = wrapper.cfbundle;
			path = SBJsonTests.octest;
			remoteRef = 6050F42313DC483100BB8E82 /* PBXContainerItemProxy */;
			sourceTree = BUILT_PRODUCTS_DIR;
		};
		6050F42613DC483100BB8E82 /* libsbjson-ios.a */ = {
			isa = PBXReferenceProxy;
			fileType = archive.ar;
			path = "libsbjson-ios.a";
			remoteRef = 6050F42513DC483100BB8E82 /* PBXContainerItemProxy */;
			sourceTree = BUILT_PRODUCTS_DIR;
		};
		6050F42813DC483100BB8E82 /* sbjson-iosTests.octest */ = {
			isa = PBXReferenceProxy;
			fileType = wrapper.cfbundle;
			path = "sbjson-iosTests.octest";
			remoteRef = 6050F42713DC483100BB8E82 /* PBXContainerItemProxy */;
			sourceTree = BUILT_PRODUCTS_DIR;
		};
		6050F42F13DC493400BB8E82 /* libKIF.a */ = {
			isa = PBXReferenceProxy;
			fileType = archive.ar;
			path = libKIF.a;
			remoteRef = 6050F42E13DC493400BB8E82 /* PBXContainerItemProxy */;
			sourceTree = BUILT_PRODUCTS_DIR;
		};
/* End PBXReferenceProxy section */

/* Begin PBXResourcesBuildPhase section */
		609B9FA613C901D400888A6E /* Resources */ = {
			isa = PBXResourcesBuildPhase;
			buildActionMask = 2147483647;
			files = (
				609B9FC613C901D400888A6E /* MainViewController_iPhone.xib in Resources */,
				609B9FC913C901D400888A6E /* MainViewController_iPad.xib in Resources */,
				609B9FCC13C901D400888A6E /* FlipsideViewController.xib in Resources */,
				609B9FE013C9059100888A6E /* SettingsViewController.xib in Resources */,
				60CC9F1113C9E40D006D116C /* index.html in Resources */,
				606B2B7713D4F8F100B90223 /* TODO in Resources */,
				60114B3913E390F7007F97A5 /* jquery.js in Resources */,
				606B2B7B13D5282B00B90223 /* initialIcon.png in Resources */,
				60CFABF713FD5F9600A2D5B0 /* style.css in Resources */,
				60CFABF913FD640000A2D5B0 /* Wibble.license in Resources */,
			);
			runOnlyForDeploymentPostprocessing = 0;
		};
		60C021CB13E5D280009251C3 /* Resources */ = {
			isa = PBXResourcesBuildPhase;
			buildActionMask = 2147483647;
			files = (
				60ED574913E5EB54006E4D27 /* index.html in Resources */,
				60ED574A13E5EB54006E4D27 /* jquery.js in Resources */,
				60ED574B13E5EB54006E4D27 /* initialIcon.png in Resources */,
				60ED574C13E5EB54006E4D27 /* Wibble-Prefix.pch in Resources */,
				60C0220F13E5E4A8009251C3 /* MainViewController_iPhone.xib in Resources */,
				60C0221013E5E4A8009251C3 /* MainViewController_iPad.xib in Resources */,
				60C0221113E5E4A8009251C3 /* SettingsViewController.xib in Resources */,
				60C021DB13E5D280009251C3 /* InfoPlist.strings in Resources */,
				60C021E113E5D280009251C3 /* Credits.rtf in Resources */,
				60C021E713E5D280009251C3 /* MainMenu.xib in Resources */,
			);
			runOnlyForDeploymentPostprocessing = 0;
		};
		60FEA1B113D653F0006997B0 /* Resources */ = {
			isa = PBXResourcesBuildPhase;
			buildActionMask = 2147483647;
			files = (
				60FEA1B313D653F0006997B0 /* MainViewController_iPhone.xib in Resources */,
				60FEA1B413D653F0006997B0 /* MainViewController_iPad.xib in Resources */,
				60114B3E13E44998007F97A5 /* jquery.js in Resources */,
				60FEA1B513D653F0006997B0 /* FlipsideViewController.xib in Resources */,
				60FEA1B613D653F0006997B0 /* SettingsViewController.xib in Resources */,
				60FEA1B713D653F0006997B0 /* index.html in Resources */,
				60FEA1B913D653F0006997B0 /* TODO in Resources */,
				60FEA1BA13D653F0006997B0 /* initialIcon.png in Resources */,
			);
			runOnlyForDeploymentPostprocessing = 0;
		};
/* End PBXResourcesBuildPhase section */

/* Begin PBXSourcesBuildPhase section */
		609B9FA413C901D400888A6E /* Sources */ = {
			isa = PBXSourcesBuildPhase;
			buildActionMask = 2147483647;
			files = (
				609B9FB913C901D400888A6E /* main.m in Sources */,
				609B9FBD13C901D400888A6E /* WQIOSAppDelegate.m in Sources */,
				609B9FC013C901D400888A6E /* GameViewController.m in Sources */,
				609B9FC313C901D400888A6E /* SettingsViewController.m in Sources */,
				60CC9F0213C9D5C0006D116C /* Creature.m in Sources */,
				60CC9F0313C9D5C0006D116C /* Item.m in Sources */,
				60CC9F0413C9D5C0006D116C /* Room.m in Sources */,
				60CC9F0513C9D5C0006D116C /* WibbleQuest.m in Sources */,
				60CC9F0613C9D5C0006D116C /* WibbleQuestViewHandlingCategory.m in Sources */,
				60CC9F0D13C9DD01006D116C /* BTPGame.m in Sources */,
				60CC9F1B13C9F3CC006D116C /* WibbleQuestPrintingCategory.m in Sources */,
				60CC9F2113CA0B6B006D116C /* CommandInterpreter.m in Sources */,
				60F49DD613CBD42C00BDB07C /* PlayerInventory.m in Sources */,
				60F49DDD13CBD76300BDB07C /* WQ.m in Sources */,
				60F5128613D1112300978EC0 /* Player.m in Sources */,
				60F5128F13D11E7E00978EC0 /* Person.m in Sources */,
				60F5129313D1200700978EC0 /* NSArray-Contains.m in Sources */,
				60F512A213D1E59800978EC0 /* BodyGuard.m in Sources */,
				6081AB1F13D23D25007C5545 /* GoatBoy.m in Sources */,
				6081AB2313D243CD007C5545 /* Keytar.m in Sources */,
				6081AB2613D249D6007C5545 /* FloatstarPX.m in Sources */,
				6081AB2913D24B87007C5545 /* Microphone.m in Sources */,
				6065BC9213D3619000F1F6D4 /* StartingRoom.m in Sources */,
				603B99C813D3C3F20001F9CD /* NSArray-named-captures.m in Sources */,
				6F36C4E113D3D03F003387F7 /* Store.m in Sources */,
				6F36C4E613D3D079003387F7 /* RockShop.m in Sources */,
				606B2B7513D4F5B000B90223 /* WibbleObject.m in Sources */,
				607CB92C13D9070600A72FD2 /* FinaleRoom.m in Sources */,
				60114B6B13E4C481007F97A5 /* KidB.m in Sources */,
				60114B6C13E4C481007F97A5 /* ExitRoom.m in Sources */,
				60114B6D13E4C481007F97A5 /* Bubba.m in Sources */,
				60114B6E13E4C481007F97A5 /* Flag.m in Sources */,
				60114B6F13E4C481007F97A5 /* FoamSword.m in Sources */,
				60114B7013E4C481007F97A5 /* MegatronGame.m in Sources */,
				60114B7113E4C481007F97A5 /* OpeningRoom.m in Sources */,
				60114B7213E4C481007F97A5 /* OrtasRoom.m in Sources */,
				60114B7313E4C481007F97A5 /* KidA.m in Sources */,
				60114B7413E4C481007F97A5 /* Snake.m in Sources */,
				60114B7513E4C481007F97A5 /* SnakesRoom.m in Sources */,
				60114B7913E5AF8F007F97A5 /* WibbleQuestSwipeHandlers.m in Sources */,
				60ED579713E7748B006E4D27 /* GameSelector.m in Sources */,
				6002DC4613E7861F003A5D70 /* Game.m in Sources */,
				6FD38AAD13F230540062D3FA /* Inventory.m in Sources */,
				6F51B3D413FCC1A10089E1AC /* Sound.m in Sources */,
			);
			runOnlyForDeploymentPostprocessing = 0;
		};
		60C021C913E5D280009251C3 /* Sources */ = {
			isa = PBXSourcesBuildPhase;
			buildActionMask = 2147483647;
			files = (
				60C0221213E5E52A009251C3 /* RockShop.m in Sources */,
				60C0221313E5E52A009251C3 /* StartingRoom.m in Sources */,
				60C0221413E5E52A009251C3 /* FinaleRoom.m in Sources */,
				60C0221513E5E52A009251C3 /* BodyGuard.m in Sources */,
				60C0221613E5E52A009251C3 /* GoatBoy.m in Sources */,
				60C0221713E5E52A009251C3 /* FloatstarPX.m in Sources */,
				60C0221813E5E52A009251C3 /* Keytar.m in Sources */,
				60C0221913E5E52A009251C3 /* Microphone.m in Sources */,
				60C0221A13E5E52A009251C3 /* BTPGame.m in Sources */,
				60C0221B13E5E52A009251C3 /* KidB.m in Sources */,
				60C0221C13E5E52A009251C3 /* Bubba.m in Sources */,
				60C0221D13E5E52A009251C3 /* Flag.m in Sources */,
				60C0221E13E5E52A009251C3 /* FoamSword.m in Sources */,
				60C0221F13E5E52A009251C3 /* MegatronGame.m in Sources */,
				60C0222013E5E52A009251C3 /* KidA.m in Sources */,
				60C0222113E5E52A009251C3 /* Snake.m in Sources */,
				60C0222213E5E52A009251C3 /* ExitRoom.m in Sources */,
				60C0222313E5E52A009251C3 /* OpeningRoom.m in Sources */,
				60C0222413E5E52A009251C3 /* OrtasRoom.m in Sources */,
				60C0222513E5E52A009251C3 /* SnakesRoom.m in Sources */,
				60C0220C13E5E410009251C3 /* GameViewController.m in Sources */,
				60C0220D13E5E410009251C3 /* SettingsViewController.m in Sources */,
				60C0220E13E5E410009251C3 /* WQIOSAppDelegate.m in Sources */,
				60C021F813E5D4CC009251C3 /* CommandInterpreter.m in Sources */,
				60C021F913E5D4CC009251C3 /* PlayerInventory.m in Sources */,
				60C021FA13E5D4CC009251C3 /* Player.m in Sources */,
				60C021FB13E5D4CC009251C3 /* Store.m in Sources */,
				60C021FC13E5D4CC009251C3 /* Person.m in Sources */,
				60C021FD13E5D4CC009251C3 /* Creature.m in Sources */,
				60C021FE13E5D4CC009251C3 /* Item.m in Sources */,
				60C021FF13E5D4CC009251C3 /* Room.m in Sources */,
				60C0220013E5D4CC009251C3 /* WibbleObject.m in Sources */,
				60C0220113E5D4CC009251C3 /* NSArray-Contains.m in Sources */,
				60C0220213E5D4CC009251C3 /* NSArray-named-captures.m in Sources */,
				60C021F213E5D46F009251C3 /* WQ.m in Sources */,
				60C021F313E5D46F009251C3 /* WibbleQuest.m in Sources */,
				60C021F413E5D46F009251C3 /* WibbleQuestPrintingCategory.m in Sources */,
				60C021F513E5D46F009251C3 /* WibbleQuestViewHandlingCategory.m in Sources */,
				60C021F613E5D46F009251C3 /* WibbleQuestSwipeHandlers.m in Sources */,
				60C021DD13E5D280009251C3 /* main.m in Sources */,
				60C021E413E5D280009251C3 /* WibbleQuestAppDelegate.m in Sources */,
				60ED579813E7748B006E4D27 /* GameSelector.m in Sources */,
				6002DC4713E7861F003A5D70 /* Game.m in Sources */,
			);
			runOnlyForDeploymentPostprocessing = 0;
		};
		60FEA19013D653F0006997B0 /* Sources */ = {
			isa = PBXSourcesBuildPhase;
			buildActionMask = 2147483647;
			files = (
				60FEA19213D653F0006997B0 /* WQIOSAppDelegate.m in Sources */,
				6001B3ED13FC0E2300839F51 /* main.m in Sources */,
				6001B3EC13FC0DB200839F51 /* Inventory.m in Sources */,
				60FEA19313D653F0006997B0 /* GameViewController.m in Sources */,
				60FEA19413D653F0006997B0 /* SettingsViewController.m in Sources */,
				60FEA19513D653F0006997B0 /* Creature.m in Sources */,
				60FEA19613D653F0006997B0 /* Item.m in Sources */,
				60FEA19713D653F0006997B0 /* Room.m in Sources */,
				60FEA19813D653F0006997B0 /* WibbleQuest.m in Sources */,
				60FEA19913D653F0006997B0 /* WibbleQuestViewHandlingCategory.m in Sources */,
				60FEA19A13D653F0006997B0 /* BTPGame.m in Sources */,
				60FEA19B13D653F0006997B0 /* WibbleQuestPrintingCategory.m in Sources */,
				60FEA19C13D653F0006997B0 /* CommandInterpreter.m in Sources */,
				60FEA19E13D653F0006997B0 /* PlayerInventory.m in Sources */,
				60FEA19F13D653F0006997B0 /* WQ.m in Sources */,
				60FEA1A013D653F0006997B0 /* Player.m in Sources */,
				60FEA1A113D653F0006997B0 /* Person.m in Sources */,
				60FEA1A213D653F0006997B0 /* NSArray-Contains.m in Sources */,
				60FEA1A313D653F0006997B0 /* BodyGuard.m in Sources */,
				60FEA1A413D653F0006997B0 /* GoatBoy.m in Sources */,
				60FEA1A513D653F0006997B0 /* Keytar.m in Sources */,
				60FEA1A613D653F0006997B0 /* FloatstarPX.m in Sources */,
				60FEA1A713D653F0006997B0 /* Microphone.m in Sources */,
				60FEA1A813D653F0006997B0 /* StartingRoom.m in Sources */,
				60FEA1A913D653F0006997B0 /* NSArray-named-captures.m in Sources */,
				60FEA1AA13D653F0006997B0 /* Store.m in Sources */,
				60FEA1AB13D653F0006997B0 /* RockShop.m in Sources */,
				60FEA1AC13D653F0006997B0 /* WibbleObject.m in Sources */,
				60FEA1CA13D65800006997B0 /* RoomAPI.m in Sources */,
				60FEA1CB13D65867006997B0 /* WBTestController.m in Sources */,
				60FEA1DC13D66D8E006997B0 /* KIFTestScenario-RunCommand.m in Sources */,
				60FEA1E113D66E1F006997B0 /* KIFTestScenario-RoomCommands.m in Sources */,
				607CB92913D8EE4100A72FD2 /* InventoryTests.m in Sources */,
				607CB92D13D9070600A72FD2 /* FinaleRoom.m in Sources */,
				60BCD36F13DB4FAE00CBBB42 /* ShopTests.m in Sources */,
				60114B7A13E5AF8F007F97A5 /* WibbleQuestSwipeHandlers.m in Sources */,
				60ED579913E7748B006E4D27 /* GameSelector.m in Sources */,
				6002DC4813E7861F003A5D70 /* Game.m in Sources */,
				60CFABAC13FC9FF500A2D5B0 /* KIFTestScenario-NiceThings.m in Sources */,
				6F51B3D513FCC1A10089E1AC /* Sound.m in Sources */,
			);
			runOnlyForDeploymentPostprocessing = 0;
		};
/* End PBXSourcesBuildPhase section */

/* Begin PBXTargetDependency section */
		6050F43313DC4BB300BB8E82 /* PBXTargetDependency */ = {
			isa = PBXTargetDependency;
			name = "sbjson-ios";
			targetProxy = 6050F43213DC4BB300BB8E82 /* PBXContainerItemProxy */;
		};
		6050F43513DC4BDD00BB8E82 /* PBXTargetDependency */ = {
			isa = PBXTargetDependency;
			name = KIF;
			targetProxy = 6050F43413DC4BDD00BB8E82 /* PBXContainerItemProxy */;
		};
/* End PBXTargetDependency section */

/* Begin PBXVariantGroup section */
		609B9FC413C901D400888A6E /* MainViewController_iPhone.xib */ = {
			isa = PBXVariantGroup;
			children = (
				609B9FC513C901D400888A6E /* en */,
			);
			name = MainViewController_iPhone.xib;
			sourceTree = "<group>";
		};
		609B9FC713C901D400888A6E /* MainViewController_iPad.xib */ = {
			isa = PBXVariantGroup;
			children = (
				609B9FC813C901D400888A6E /* en */,
			);
			name = MainViewController_iPad.xib;
			sourceTree = "<group>";
		};
		609B9FCA13C901D400888A6E /* FlipsideViewController.xib */ = {
			isa = PBXVariantGroup;
			children = (
			);
			name = FlipsideViewController.xib;
			path = /Users/orta/spiel/iphone/iphone_examples/MyBoots/MyBoots;
			sourceTree = "<absolute>";
		};
		609B9FDE13C9059100888A6E /* SettingsViewController.xib */ = {
			isa = PBXVariantGroup;
			children = (
				609B9FDF13C9059100888A6E /* en */,
			);
			name = SettingsViewController.xib;
			sourceTree = "<group>";
		};
		60C021D913E5D280009251C3 /* InfoPlist.strings */ = {
			isa = PBXVariantGroup;
			children = (
				60C021DA13E5D280009251C3 /* en */,
			);
			name = InfoPlist.strings;
			sourceTree = "<group>";
		};
		60C021DF13E5D280009251C3 /* Credits.rtf */ = {
			isa = PBXVariantGroup;
			children = (
				60C021E013E5D280009251C3 /* en */,
			);
			name = Credits.rtf;
			sourceTree = "<group>";
		};
		60C021E513E5D280009251C3 /* MainMenu.xib */ = {
			isa = PBXVariantGroup;
			children = (
				60C021E613E5D280009251C3 /* en */,
			);
			name = MainMenu.xib;
			sourceTree = "<group>";
		};
/* End PBXVariantGroup section */

/* Begin XCBuildConfiguration section */
		609B9FCD13C901D400888A6E /* Debug */ = {
			isa = XCBuildConfiguration;
			buildSettings = {
				ALWAYS_SEARCH_USER_PATHS = NO;
				ARCHS = "$(ARCHS_STANDARD_32_BIT)";
				CLANG_ENABLE_OBJC_ARC = YES;
				"CODE_SIGN_IDENTITY[sdk=iphoneos*]" = "iPhone Developer";
				COPY_PHASE_STRIP = NO;
				GCC_C_LANGUAGE_STANDARD = gnu99;
				GCC_DYNAMIC_NO_PIC = NO;
				GCC_OPTIMIZATION_LEVEL = 0;
				GCC_PREPROCESSOR_DEFINITIONS = (
					"DEBUG=1",
					"$(inherited)",
				);
				GCC_SYMBOLS_PRIVATE_EXTERN = NO;
				GCC_VERSION = com.apple.compilers.llvm.clang.1_0;
				GCC_WARN_ABOUT_MISSING_PROTOTYPES = YES;
				GCC_WARN_ABOUT_RETURN_TYPE = YES;
				GCC_WARN_UNUSED_VARIABLE = YES;
				HEADER_SEARCH_PATHS = "vendor/**";
				IPHONEOS_DEPLOYMENT_TARGET = 4.1;
				SDKROOT = iphoneos;
				TARGETED_DEVICE_FAMILY = "1,2";
			};
			name = Debug;
		};
		609B9FCE13C901D400888A6E /* Release */ = {
			isa = XCBuildConfiguration;
			buildSettings = {
				ALWAYS_SEARCH_USER_PATHS = NO;
				ARCHS = "$(ARCHS_STANDARD_32_BIT)";
				CLANG_ENABLE_OBJC_ARC = YES;
				"CODE_SIGN_IDENTITY[sdk=iphoneos*]" = "iPhone Developer";
				COPY_PHASE_STRIP = YES;
				GCC_C_LANGUAGE_STANDARD = gnu99;
				GCC_VERSION = com.apple.compilers.llvm.clang.1_0;
				GCC_WARN_ABOUT_MISSING_PROTOTYPES = YES;
				GCC_WARN_ABOUT_RETURN_TYPE = YES;
				GCC_WARN_UNUSED_VARIABLE = YES;
				HEADER_SEARCH_PATHS = "vendor/**";
				IPHONEOS_DEPLOYMENT_TARGET = 4.1;
				OTHER_CFLAGS = "-DNS_BLOCK_ASSERTIONS=1";
				SDKROOT = iphoneos;
				TARGETED_DEVICE_FAMILY = "1,2";
				VALIDATE_PRODUCT = YES;
			};
			name = Release;
		};
		609B9FD013C901D400888A6E /* Debug */ = {
			isa = XCBuildConfiguration;
			buildSettings = {
				CLANG_ENABLE_OBJC_ARC = NO;
				GCC_PRECOMPILE_PREFIX_HEADER = YES;
				GCC_PREFIX_HEADER = "WibbleQuest/shared/Wibble-Prefix.pch";
				INFOPLIST_FILE = "WibbleQuest/shared/WibbleQuest-Info.plist";
				IPHONEOS_DEPLOYMENT_TARGET = 4.1;
				OTHER_LDFLAGS = (
					"$(inherited)",
					"-ObjC",
					"-all_load",
				);
				PRODUCT_NAME = "$(TARGET_NAME)";
				TARGETED_DEVICE_FAMILY = "1,2";
				WRAPPER_EXTENSION = app;
			};
			name = Debug;
		};
		609B9FD113C901D400888A6E /* Release */ = {
			isa = XCBuildConfiguration;
			buildSettings = {
				CLANG_ENABLE_OBJC_ARC = NO;
				GCC_PRECOMPILE_PREFIX_HEADER = YES;
				GCC_PREFIX_HEADER = "WibbleQuest/shared/Wibble-Prefix.pch";
				INFOPLIST_FILE = "WibbleQuest/shared/WibbleQuest-Info.plist";
				IPHONEOS_DEPLOYMENT_TARGET = 4.1;
				OTHER_LDFLAGS = (
					"$(inherited)",
					"-ObjC",
					"-all_load",
				);
				PRODUCT_NAME = "$(TARGET_NAME)";
				TARGETED_DEVICE_FAMILY = "1,2";
				WRAPPER_EXTENSION = app;
			};
			name = Release;
		};
		60C021E913E5D280009251C3 /* Debug */ = {
			isa = XCBuildConfiguration;
			buildSettings = {
				ARCHS = "$(ARCHS_STANDARD_64_BIT)";
				CLANG_ENABLE_OBJC_ARC = NO;
				FRAMEWORK_SEARCH_PATHS = (
					"$(inherited)",
					"\"$(DEVELOPER_FRAMEWORKS_DIR)\"",
					"\"$(SRCROOT)\"",
				);
				GCC_ENABLE_OBJC_EXCEPTIONS = YES;
				GCC_PRECOMPILE_PREFIX_HEADER = YES;
				GCC_PREFIX_HEADER = "WibbleQuest/shared/Wibble-Prefix.pch";
				GCC_WARN_64_TO_32_BIT_CONVERSION = YES;
				INFOPLIST_FILE = "WibbleQuest/WibbleQuest-Info.plist";
				MACOSX_DEPLOYMENT_TARGET = 10.7;
				ONLY_ACTIVE_ARCH = YES;
				PRODUCT_NAME = "$(TARGET_NAME)";
				SDKROOT = macosx;
				WRAPPER_EXTENSION = app;
			};
			name = Debug;
		};
		60C021EA13E5D280009251C3 /* Release */ = {
			isa = XCBuildConfiguration;
			buildSettings = {
				ARCHS = "$(ARCHS_STANDARD_64_BIT)";
				CLANG_ENABLE_OBJC_ARC = NO;
				DEBUG_INFORMATION_FORMAT = "dwarf-with-dsym";
				FRAMEWORK_SEARCH_PATHS = (
					"$(inherited)",
					"\"$(DEVELOPER_FRAMEWORKS_DIR)\"",
					"\"$(SRCROOT)\"",
				);
				GCC_ENABLE_OBJC_EXCEPTIONS = YES;
				GCC_PRECOMPILE_PREFIX_HEADER = YES;
				GCC_PREFIX_HEADER = "WibbleQuest/shared/Wibble-Prefix.pch";
				GCC_WARN_64_TO_32_BIT_CONVERSION = YES;
				INFOPLIST_FILE = "WibbleQuest/WibbleQuest-Info.plist";
				MACOSX_DEPLOYMENT_TARGET = 10.7;
				PRODUCT_NAME = "$(TARGET_NAME)";
				SDKROOT = macosx;
				WRAPPER_EXTENSION = app;
			};
			name = Release;
		};
		60FEA1BC13D653F0006997B0 /* Debug */ = {
			isa = XCBuildConfiguration;
			buildSettings = {
				CLANG_ENABLE_OBJC_ARC = NO;
				GCC_PRECOMPILE_PREFIX_HEADER = YES;
				GCC_PREFIX_HEADER = "WibbleQuest/shared/Wibble-Prefix.pch";
				GCC_PREPROCESSOR_DEFINITIONS = (
					"RUN_KIF_TESTS=1",
					"$(inherited)",
				);
				HEADER_SEARCH_PATHS = (
					"$(inherited)",
					"$(SRCROOT)/vendor/KIF/\"/**",
				);
				INFOPLIST_FILE = "WibbleQuest/shared/WibbleQuest-Info.plist";
				IPHONEOS_DEPLOYMENT_TARGET = 5.0;
				OTHER_LDFLAGS = (
					"-all_load",
					"-ObjC",
					"$(inherited)",
				);
				PRODUCT_NAME = WibbleTests;
				TARGETED_DEVICE_FAMILY = "1,2";
				WRAPPER_EXTENSION = app;
			};
			name = Debug;
		};
		60FEA1BD13D653F0006997B0 /* Release */ = {
			isa = XCBuildConfiguration;
			buildSettings = {
				CLANG_ENABLE_OBJC_ARC = NO;
				GCC_PRECOMPILE_PREFIX_HEADER = YES;
				GCC_PREFIX_HEADER = "WibbleQuest/shared/Wibble-Prefix.pch";
				GCC_PREPROCESSOR_DEFINITIONS = (
					"RUN_KIF_TESTS=1",
					"$(inherited)",
				);
				HEADER_SEARCH_PATHS = (
					"$(inherited)",
					"$(SRCROOT)/vendor/KIF/\"/**",
				);
				INFOPLIST_FILE = "WibbleQuest/shared/WibbleQuest-Info.plist";
				IPHONEOS_DEPLOYMENT_TARGET = 5.0;
				OTHER_LDFLAGS = (
					"-all_load",
					"-ObjC",
					"$(inherited)",
				);
				PRODUCT_NAME = WibbleTests;
				TARGETED_DEVICE_FAMILY = "1,2";
				WRAPPER_EXTENSION = app;
			};
			name = Release;
		};
/* End XCBuildConfiguration section */

/* Begin XCConfigurationList section */
		609B9FA213C901D400888A6E /* Build configuration list for PBXProject "WibbleQuest" */ = {
			isa = XCConfigurationList;
			buildConfigurations = (
				609B9FCD13C901D400888A6E /* Debug */,
				609B9FCE13C901D400888A6E /* Release */,
			);
			defaultConfigurationIsVisible = 0;
			defaultConfigurationName = Release;
		};
		609B9FCF13C901D400888A6E /* Build configuration list for PBXNativeTarget "WibbleQuest-iOS" */ = {
			isa = XCConfigurationList;
			buildConfigurations = (
				609B9FD013C901D400888A6E /* Debug */,
				609B9FD113C901D400888A6E /* Release */,
			);
			defaultConfigurationIsVisible = 0;
			defaultConfigurationName = Release;
		};
		60C021E813E5D280009251C3 /* Build configuration list for PBXNativeTarget "WibbleQuest-Mac" */ = {
			isa = XCConfigurationList;
			buildConfigurations = (
				60C021E913E5D280009251C3 /* Debug */,
				60C021EA13E5D280009251C3 /* Release */,
			);
			defaultConfigurationIsVisible = 0;
			defaultConfigurationName = Release;
		};
		60FEA1BB13D653F0006997B0 /* Build configuration list for PBXNativeTarget "Wibble Tests" */ = {
			isa = XCConfigurationList;
			buildConfigurations = (
				60FEA1BC13D653F0006997B0 /* Debug */,
				60FEA1BD13D653F0006997B0 /* Release */,
			);
			defaultConfigurationIsVisible = 0;
			defaultConfigurationName = Release;
		};
/* End XCConfigurationList section */
	};
	rootObject = 609B9F9F13C901D400888A6E /* Project object */;
}
