// !$*UTF8*$!
{
	archiveVersion = 1;
	classes = {
	};
	objectVersion = 46;
	objects = {

/* Begin PBXBuildFile section */
		6096FE7013BC11A000D7E7B5 /* UIKit.framework in Frameworks */ = {isa = PBXBuildFile; fileRef = 6096FE6F13BC11A000D7E7B5 /* UIKit.framework */; };
		6096FE7213BC11A000D7E7B5 /* Foundation.framework in Frameworks */ = {isa = PBXBuildFile; fileRef = 6096FE7113BC11A000D7E7B5 /* Foundation.framework */; };
		6096FE7413BC11A000D7E7B5 /* CoreGraphics.framework in Frameworks */ = {isa = PBXBuildFile; fileRef = 6096FE7313BC11A000D7E7B5 /* CoreGraphics.framework */; };
		6096FE7A13BC11A000D7E7B5 /* InfoPlist.strings in Resources */ = {isa = PBXBuildFile; fileRef = 6096FE7813BC11A000D7E7B5 /* InfoPlist.strings */; };
		6096FE7C13BC11A000D7E7B5 /* main.m in Sources */ = {isa = PBXBuildFile; fileRef = 6096FE7B13BC11A000D7E7B5 /* main.m */; };
		6096FE8013BC11A000D7E7B5 /* ButtonsMcButtonsAppDelegate.m in Sources */ = {isa = PBXBuildFile; fileRef = 6096FE7F13BC11A000D7E7B5 /* ButtonsMcButtonsAppDelegate.m */; };
		6096FE8213BC11A000D7E7B5 /* ButtonsMcButtonsViewController.h in Resources */ = {isa = PBXBuildFile; fileRef = 6096FE8113BC11A000D7E7B5 /* ButtonsMcButtonsViewController.h */; };
		6096FE8413BC11A000D7E7B5 /* ButtonsMcButtonsViewController.m in Sources */ = {isa = PBXBuildFile; fileRef = 6096FE8313BC11A000D7E7B5 /* ButtonsMcButtonsViewController.m */; };
		6096FE8713BC11A000D7E7B5 /* ButtonsMcButtonsViewController.xib in Resources */ = {isa = PBXBuildFile; fileRef = 6096FE8513BC11A000D7E7B5 /* ButtonsMcButtonsViewController.xib */; };
		6096FE8E13BC141400D7E7B5 /* youare.jpg in Resources */ = {isa = PBXBuildFile; fileRef = 6096FE8D13BC141400D7E7B5 /* youare.jpg */; };
/* End PBXBuildFile section */

/* Begin PBXFileReference section */
		6096FE6B13BC11A000D7E7B5 /* ButtonsMcButtons.app */ = {isa = PBXFileReference; explicitFileType = wrapper.application; includeInIndex = 0; path = ButtonsMcButtons.app; sourceTree = BUILT_PRODUCTS_DIR; };
		6096FE6F13BC11A000D7E7B5 /* UIKit.framework */ = {isa = PBXFileReference; lastKnownFileType = wrapper.framework; name = UIKit.framework; path = System/Library/Frameworks/UIKit.framework; sourceTree = SDKROOT; };
		6096FE7113BC11A000D7E7B5 /* Foundation.framework */ = {isa = PBXFileReference; lastKnownFileType = wrapper.framework; name = Foundation.framework; path = System/Library/Frameworks/Foundation.framework; sourceTree = SDKROOT; };
		6096FE7313BC11A000D7E7B5 /* CoreGraphics.framework */ = {isa = PBXFileReference; lastKnownFileType = wrapper.framework; name = CoreGraphics.framework; path = System/Library/Frameworks/CoreGraphics.framework; sourceTree = SDKROOT; };
		6096FE7713BC11A000D7E7B5 /* ButtonsMcButtons-Info.plist */ = {isa = PBXFileReference; lastKnownFileType = text.plist.xml; path = "ButtonsMcButtons-Info.plist"; sourceTree = "<group>"; };
		6096FE7913BC11A000D7E7B5 /* en */ = {isa = PBXFileReference; lastKnownFileType = text.plist.strings; name = en; path = en.lproj/InfoPlist.strings; sourceTree = "<group>"; };
		6096FE7B13BC11A000D7E7B5 /* main.m */ = {isa = PBXFileReference; lastKnownFileType = sourcecode.c.objc; path = main.m; sourceTree = "<group>"; };
		6096FE7D13BC11A000D7E7B5 /* ButtonsMcButtons-Prefix.pch */ = {isa = PBXFileReference; lastKnownFileType = sourcecode.c.h; path = "ButtonsMcButtons-Prefix.pch"; sourceTree = "<group>"; };
		6096FE7E13BC11A000D7E7B5 /* ButtonsMcButtonsAppDelegate.h */ = {isa = PBXFileReference; lastKnownFileType = sourcecode.c.h; path = ButtonsMcButtonsAppDelegate.h; sourceTree = "<group>"; };
		6096FE7F13BC11A000D7E7B5 /* ButtonsMcButtonsAppDelegate.m */ = {isa = PBXFileReference; lastKnownFileType = sourcecode.c.objc; path = ButtonsMcButtonsAppDelegate.m; sourceTree = "<group>"; };
		6096FE8113BC11A000D7E7B5 /* ButtonsMcButtonsViewController.h */ = {isa = PBXFileReference; lastKnownFileType = sourcecode.c.h; path = ButtonsMcButtonsViewController.h; sourceTree = "<group>"; };
		6096FE8313BC11A000D7E7B5 /* ButtonsMcButtonsViewController.m */ = {isa = PBXFileReference; lastKnownFileType = sourcecode.c.objc; path = ButtonsMcButtonsViewController.m; sourceTree = "<group>"; };
		6096FE8613BC11A000D7E7B5 /* en */ = {isa = PBXFileReference; lastKnownFileType = file.xib; name = en; path = en.lproj/ButtonsMcButtonsViewController.xib; sourceTree = "<group>"; };
		6096FE8D13BC141400D7E7B5 /* youare.jpg */ = {isa = PBXFileReference; lastKnownFileType = image.jpeg; path = youare.jpg; sourceTree = "<group>"; };
/* End PBXFileReference section */

/* Begin PBXFrameworksBuildPhase section */
		6096FE6813BC11A000D7E7B5 /* Frameworks */ = {
			isa = PBXFrameworksBuildPhase;
			buildActionMask = 2147483647;
			files = (
				6096FE7013BC11A000D7E7B5 /* UIKit.framework in Frameworks */,
				6096FE7213BC11A000D7E7B5 /* Foundation.framework in Frameworks */,
				6096FE7413BC11A000D7E7B5 /* CoreGraphics.framework in Frameworks */,
			);
			runOnlyForDeploymentPostprocessing = 0;
		};
/* End PBXFrameworksBuildPhase section */

/* Begin PBXGroup section */
		6096FE6013BC11A000D7E7B5 = {
			isa = PBXGroup;
			children = (
				6096FE7513BC11A000D7E7B5 /* ButtonsMcButtons */,
				6096FE6E13BC11A000D7E7B5 /* Frameworks */,
				6096FE6C13BC11A000D7E7B5 /* Products */,
			);
			sourceTree = "<group>";
		};
		6096FE6C13BC11A000D7E7B5 /* Products */ = {
			isa = PBXGroup;
			children = (
				6096FE6B13BC11A000D7E7B5 /* ButtonsMcButtons.app */,
			);
			name = Products;
			sourceTree = "<group>";
		};
		6096FE6E13BC11A000D7E7B5 /* Frameworks */ = {
			isa = PBXGroup;
			children = (
				6096FE6F13BC11A000D7E7B5 /* UIKit.framework */,
				6096FE7113BC11A000D7E7B5 /* Foundation.framework */,
				6096FE7313BC11A000D7E7B5 /* CoreGraphics.framework */,
			);
			name = Frameworks;
			sourceTree = "<group>";
		};
		6096FE7513BC11A000D7E7B5 /* ButtonsMcButtons */ = {
			isa = PBXGroup;
			children = (
				6096FE7E13BC11A000D7E7B5 /* ButtonsMcButtonsAppDelegate.h */,
				6096FE7F13BC11A000D7E7B5 /* ButtonsMcButtonsAppDelegate.m */,
				6096FE8113BC11A000D7E7B5 /* ButtonsMcButtonsViewController.h */,
				6096FE8313BC11A000D7E7B5 /* ButtonsMcButtonsViewController.m */,
				6096FE8513BC11A000D7E7B5 /* ButtonsMcButtonsViewController.xib */,
				6096FE7613BC11A000D7E7B5 /* Supporting Files */,
			);
			path = ButtonsMcButtons;
			sourceTree = "<group>";
		};
		6096FE7613BC11A000D7E7B5 /* Supporting Files */ = {
			isa = PBXGroup;
			children = (
				6096FE8D13BC141400D7E7B5 /* youare.jpg */,
				6096FE7713BC11A000D7E7B5 /* ButtonsMcButtons-Info.plist */,
				6096FE7813BC11A000D7E7B5 /* InfoPlist.strings */,
				6096FE7B13BC11A000D7E7B5 /* main.m */,
				6096FE7D13BC11A000D7E7B5 /* ButtonsMcButtons-Prefix.pch */,
			);
			name = "Supporting Files";
			sourceTree = "<group>";
		};
/* End PBXGroup section */

/* Begin PBXNativeTarget section */
		6096FE6A13BC11A000D7E7B5 /* ButtonsMcButtons */ = {
			isa = PBXNativeTarget;
			buildConfigurationList = 6096FE8A13BC11A000D7E7B5 /* Build configuration list for PBXNativeTarget "ButtonsMcButtons" */;
			buildPhases = (
				6096FE6713BC11A000D7E7B5 /* Sources */,
				6096FE6813BC11A000D7E7B5 /* Frameworks */,
				6096FE6913BC11A000D7E7B5 /* Resources */,
			);
			buildRules = (
			);
			dependencies = (
			);
			name = ButtonsMcButtons;
			productName = ButtonsMcButtons;
			productReference = 6096FE6B13BC11A000D7E7B5 /* ButtonsMcButtons.app */;
			productType = "com.apple.product-type.application";
		};
/* End PBXNativeTarget section */

/* Begin PBXProject section */
		6096FE6213BC11A000D7E7B5 /* Project object */ = {
			isa = PBXProject;
			buildConfigurationList = 6096FE6513BC11A000D7E7B5 /* Build configuration list for PBXProject "ButtonsMcButtons" */;
			compatibilityVersion = "Xcode 3.2";
			developmentRegion = English;
			hasScannedForEncodings = 0;
			knownRegions = (
				en,
			);
			mainGroup = 6096FE6013BC11A000D7E7B5;
			productRefGroup = 6096FE6C13BC11A000D7E7B5 /* Products */;
			projectDirPath = "";
			projectRoot = "";
			targets = (
				6096FE6A13BC11A000D7E7B5 /* ButtonsMcButtons */,
			);
		};
/* End PBXProject section */

/* Begin PBXResourcesBuildPhase section */
		6096FE6913BC11A000D7E7B5 /* Resources */ = {
			isa = PBXResourcesBuildPhase;
			buildActionMask = 2147483647;
			files = (
				6096FE7A13BC11A000D7E7B5 /* InfoPlist.strings in Resources */,
				6096FE8213BC11A000D7E7B5 /* ButtonsMcButtonsViewController.h in Resources */,
				6096FE8713BC11A000D7E7B5 /* ButtonsMcButtonsViewController.xib in Resources */,
				6096FE8E13BC141400D7E7B5 /* youare.jpg in Resources */,
			);
			runOnlyForDeploymentPostprocessing = 0;
		};
/* End PBXResourcesBuildPhase section */

/* Begin PBXSourcesBuildPhase section */
		6096FE6713BC11A000D7E7B5 /* Sources */ = {
			isa = PBXSourcesBuildPhase;
			buildActionMask = 2147483647;
			files = (
				6096FE7C13BC11A000D7E7B5 /* main.m in Sources */,
				6096FE8013BC11A000D7E7B5 /* ButtonsMcButtonsAppDelegate.m in Sources */,
				6096FE8413BC11A000D7E7B5 /* ButtonsMcButtonsViewController.m in Sources */,
			);
			runOnlyForDeploymentPostprocessing = 0;
		};
/* End PBXSourcesBuildPhase section */

/* Begin PBXVariantGroup section */
		6096FE7813BC11A000D7E7B5 /* InfoPlist.strings */ = {
			isa = PBXVariantGroup;
			children = (
				6096FE7913BC11A000D7E7B5 /* en */,
			);
			name = InfoPlist.strings;
			sourceTree = "<group>";
		};
		6096FE8513BC11A000D7E7B5 /* ButtonsMcButtonsViewController.xib */ = {
			isa = PBXVariantGroup;
			children = (
				6096FE8613BC11A000D7E7B5 /* en */,
			);
			name = ButtonsMcButtonsViewController.xib;
			sourceTree = "<group>";
		};
/* End PBXVariantGroup section */

/* Begin XCBuildConfiguration section */
		6096FE8813BC11A000D7E7B5 /* Debug */ = {
			isa = XCBuildConfiguration;
			buildSettings = {
				ALWAYS_SEARCH_USER_PATHS = NO;
				ARCHS = "$(ARCHS_STANDARD_32_BIT)";
				CLANG_ENABLE_OBJC_ARC = NO;
				"CODE_SIGN_IDENTITY[sdk=iphoneos*]" = "iPhone Developer";
				COPY_PHASE_STRIP = NO;
				GCC_C_LANGUAGE_STANDARD = gnu99;
				GCC_DYNAMIC_NO_PIC = NO;
				GCC_OPTIMIZATION_LEVEL = 0;
				GCC_PREPROCESSOR_DEFINITIONS = (
					"DEBUG=1",
					"$(inherited)",
				);
				GCC_SYMBOLS_PRIVATE_EXTERN = NO;
				GCC_VERSION = com.apple.compilers.llvm.clang.1_0;
				GCC_WARN_ABOUT_MISSING_PROTOTYPES = YES;
				GCC_WARN_ABOUT_RETURN_TYPE = YES;
				GCC_WARN_UNUSED_VARIABLE = YES;
				IPHONEOS_DEPLOYMENT_TARGET = 5.0;
				SDKROOT = iphoneos;
			};
			name = Debug;
		};
		6096FE8913BC11A000D7E7B5 /* Release */ = {
			isa = XCBuildConfiguration;
			buildSettings = {
				ALWAYS_SEARCH_USER_PATHS = NO;
				ARCHS = "$(ARCHS_STANDARD_32_BIT)";
				CLANG_ENABLE_OBJC_ARC = NO;
				"CODE_SIGN_IDENTITY[sdk=iphoneos*]" = "iPhone Developer";
				COPY_PHASE_STRIP = YES;
				GCC_C_LANGUAGE_STANDARD = gnu99;
				GCC_VERSION = com.apple.compilers.llvm.clang.1_0;
				GCC_WARN_ABOUT_MISSING_PROTOTYPES = YES;
				GCC_WARN_ABOUT_RETURN_TYPE = YES;
				GCC_WARN_UNUSED_VARIABLE = YES;
				IPHONEOS_DEPLOYMENT_TARGET = 5.0;
				OTHER_CFLAGS = "-DNS_BLOCK_ASSERTIONS=1";
				SDKROOT = iphoneos;
				VALIDATE_PRODUCT = YES;
			};
			name = Release;
		};
		6096FE8B13BC11A000D7E7B5 /* Debug */ = {
			isa = XCBuildConfiguration;
			buildSettings = {
				GCC_PRECOMPILE_PREFIX_HEADER = YES;
				GCC_PREFIX_HEADER = "ButtonsMcButtons/ButtonsMcButtons-Prefix.pch";
				INFOPLIST_FILE = "ButtonsMcButtons/ButtonsMcButtons-Info.plist";
				IPHONEOS_DEPLOYMENT_TARGET = 3.2;
				PRODUCT_NAME = "$(TARGET_NAME)";
				WRAPPER_EXTENSION = app;
			};
			name = Debug;
		};
		6096FE8C13BC11A000D7E7B5 /* Release */ = {
			isa = XCBuildConfiguration;
			buildSettings = {
				GCC_PRECOMPILE_PREFIX_HEADER = YES;
				GCC_PREFIX_HEADER = "ButtonsMcButtons/ButtonsMcButtons-Prefix.pch";
				INFOPLIST_FILE = "ButtonsMcButtons/ButtonsMcButtons-Info.plist";
				IPHONEOS_DEPLOYMENT_TARGET = 3.2;
				PRODUCT_NAME = "$(TARGET_NAME)";
				WRAPPER_EXTENSION = app;
			};
			name = Release;
		};
/* End XCBuildConfiguration section */

/* Begin XCConfigurationList section */
		6096FE6513BC11A000D7E7B5 /* Build configuration list for PBXProject "ButtonsMcButtons" */ = {
			isa = XCConfigurationList;
			buildConfigurations = (
				6096FE8813BC11A000D7E7B5 /* Debug */,
				6096FE8913BC11A000D7E7B5 /* Release */,
			);
			defaultConfigurationIsVisible = 0;
			defaultConfigurationName = Release;
		};
		6096FE8A13BC11A000D7E7B5 /* Build configuration list for PBXNativeTarget "ButtonsMcButtons" */ = {
			isa = XCConfigurationList;
			buildConfigurations = (
				6096FE8B13BC11A000D7E7B5 /* Debug */,
				6096FE8C13BC11A000D7E7B5 /* Release */,
			);
			defaultConfigurationIsVisible = 0;
			defaultConfigurationName = Release;
		};
/* End XCConfigurationList section */
	};
	rootObject = 6096FE6213BC11A000D7E7B5 /* Project object */;
}
