// !$*UTF8*$!
{
	archiveVersion = 1;
	classes = {
	};
	objectVersion = 46;
	objects = {

/* Begin PBXBuildFile section */
		6052360D13C0B745001EBBED /* UIKit.framework in Frameworks */ = {isa = PBXBuildFile; fileRef = 6052360C13C0B745001EBBED /* UIKit.framework */; };
		6052360F13C0B745001EBBED /* Foundation.framework in Frameworks */ = {isa = PBXBuildFile; fileRef = 6052360E13C0B745001EBBED /* Foundation.framework */; };
		6052361113C0B745001EBBED /* CoreGraphics.framework in Frameworks */ = {isa = PBXBuildFile; fileRef = 6052361013C0B745001EBBED /* CoreGraphics.framework */; };
		6052361713C0B745001EBBED /* InfoPlist.strings in Resources */ = {isa = PBXBuildFile; fileRef = 6052361513C0B745001EBBED /* InfoPlist.strings */; };
		6052361913C0B745001EBBED /* main.m in Sources */ = {isa = PBXBuildFile; fileRef = 6052361813C0B745001EBBED /* main.m */; };
		6052361D13C0B745001EBBED /* ILikeSpringAppDelegate.m in Sources */ = {isa = PBXBuildFile; fileRef = 6052361C13C0B745001EBBED /* ILikeSpringAppDelegate.m */; };
		6052361F13C0B745001EBBED /* ILikeSpringViewController.h in Resources */ = {isa = PBXBuildFile; fileRef = 6052361E13C0B745001EBBED /* ILikeSpringViewController.h */; };
		6052362113C0B745001EBBED /* ILikeSpringViewController.m in Sources */ = {isa = PBXBuildFile; fileRef = 6052362013C0B745001EBBED /* ILikeSpringViewController.m */; };
		6052362413C0B745001EBBED /* ILikeSpringViewController.xib in Resources */ = {isa = PBXBuildFile; fileRef = 6052362213C0B745001EBBED /* ILikeSpringViewController.xib */; };
		6052362B13C0B96C001EBBED /* springrools.jpg in Resources */ = {isa = PBXBuildFile; fileRef = 6052362A13C0B96C001EBBED /* springrools.jpg */; };
/* End PBXBuildFile section */

/* Begin PBXFileReference section */
		6052360813C0B745001EBBED /* ILikeSpring.app */ = {isa = PBXFileReference; explicitFileType = wrapper.application; includeInIndex = 0; path = ILikeSpring.app; sourceTree = BUILT_PRODUCTS_DIR; };
		6052360C13C0B745001EBBED /* UIKit.framework */ = {isa = PBXFileReference; lastKnownFileType = wrapper.framework; name = UIKit.framework; path = System/Library/Frameworks/UIKit.framework; sourceTree = SDKROOT; };
		6052360E13C0B745001EBBED /* Foundation.framework */ = {isa = PBXFileReference; lastKnownFileType = wrapper.framework; name = Foundation.framework; path = System/Library/Frameworks/Foundation.framework; sourceTree = SDKROOT; };
		6052361013C0B745001EBBED /* CoreGraphics.framework */ = {isa = PBXFileReference; lastKnownFileType = wrapper.framework; name = CoreGraphics.framework; path = System/Library/Frameworks/CoreGraphics.framework; sourceTree = SDKROOT; };
		6052361413C0B745001EBBED /* ILikeSpring-Info.plist */ = {isa = PBXFileReference; lastKnownFileType = text.plist.xml; path = "ILikeSpring-Info.plist"; sourceTree = "<group>"; };
		6052361613C0B745001EBBED /* en */ = {isa = PBXFileReference; lastKnownFileType = text.plist.strings; name = en; path = en.lproj/InfoPlist.strings; sourceTree = "<group>"; };
		6052361813C0B745001EBBED /* main.m */ = {isa = PBXFileReference; lastKnownFileType = sourcecode.c.objc; path = main.m; sourceTree = "<group>"; };
		6052361A13C0B745001EBBED /* ILikeSpring-Prefix.pch */ = {isa = PBXFileReference; lastKnownFileType = sourcecode.c.h; path = "ILikeSpring-Prefix.pch"; sourceTree = "<group>"; };
		6052361B13C0B745001EBBED /* ILikeSpringAppDelegate.h */ = {isa = PBXFileReference; lastKnownFileType = sourcecode.c.h; path = ILikeSpringAppDelegate.h; sourceTree = "<group>"; };
		6052361C13C0B745001EBBED /* ILikeSpringAppDelegate.m */ = {isa = PBXFileReference; lastKnownFileType = sourcecode.c.objc; path = ILikeSpringAppDelegate.m; sourceTree = "<group>"; };
		6052361E13C0B745001EBBED /* ILikeSpringViewController.h */ = {isa = PBXFileReference; lastKnownFileType = sourcecode.c.h; path = ILikeSpringViewController.h; sourceTree = "<group>"; };
		6052362013C0B745001EBBED /* ILikeSpringViewController.m */ = {isa = PBXFileReference; lastKnownFileType = sourcecode.c.objc; path = ILikeSpringViewController.m; sourceTree = "<group>"; };
		6052362313C0B745001EBBED /* en */ = {isa = PBXFileReference; lastKnownFileType = file.xib; name = en; path = en.lproj/ILikeSpringViewController.xib; sourceTree = "<group>"; };
		6052362A13C0B96C001EBBED /* springrools.jpg */ = {isa = PBXFileReference; lastKnownFileType = image.jpeg; path = springrools.jpg; sourceTree = "<group>"; };
/* End PBXFileReference section */

/* Begin PBXFrameworksBuildPhase section */
		6052360513C0B745001EBBED /* Frameworks */ = {
			isa = PBXFrameworksBuildPhase;
			buildActionMask = 2147483647;
			files = (
				6052360D13C0B745001EBBED /* UIKit.framework in Frameworks */,
				6052360F13C0B745001EBBED /* Foundation.framework in Frameworks */,
				6052361113C0B745001EBBED /* CoreGraphics.framework in Frameworks */,
			);
			runOnlyForDeploymentPostprocessing = 0;
		};
/* End PBXFrameworksBuildPhase section */

/* Begin PBXGroup section */
		605235FD13C0B744001EBBED = {
			isa = PBXGroup;
			children = (
				6052361213C0B745001EBBED /* ILikeSpring */,
				6052360B13C0B745001EBBED /* Frameworks */,
				6052360913C0B745001EBBED /* Products */,
			);
			sourceTree = "<group>";
		};
		6052360913C0B745001EBBED /* Products */ = {
			isa = PBXGroup;
			children = (
				6052360813C0B745001EBBED /* ILikeSpring.app */,
			);
			name = Products;
			sourceTree = "<group>";
		};
		6052360B13C0B745001EBBED /* Frameworks */ = {
			isa = PBXGroup;
			children = (
				6052360C13C0B745001EBBED /* UIKit.framework */,
				6052360E13C0B745001EBBED /* Foundation.framework */,
				6052361013C0B745001EBBED /* CoreGraphics.framework */,
			);
			name = Frameworks;
			sourceTree = "<group>";
		};
		6052361213C0B745001EBBED /* ILikeSpring */ = {
			isa = PBXGroup;
			children = (
				6052361B13C0B745001EBBED /* ILikeSpringAppDelegate.h */,
				6052361C13C0B745001EBBED /* ILikeSpringAppDelegate.m */,
				6052361E13C0B745001EBBED /* ILikeSpringViewController.h */,
				6052362013C0B745001EBBED /* ILikeSpringViewController.m */,
				6052362213C0B745001EBBED /* ILikeSpringViewController.xib */,
				6052361313C0B745001EBBED /* Supporting Files */,
			);
			path = ILikeSpring;
			sourceTree = "<group>";
		};
		6052361313C0B745001EBBED /* Supporting Files */ = {
			isa = PBXGroup;
			children = (
				6052362A13C0B96C001EBBED /* springrools.jpg */,
				6052361413C0B745001EBBED /* ILikeSpring-Info.plist */,
				6052361513C0B745001EBBED /* InfoPlist.strings */,
				6052361813C0B745001EBBED /* main.m */,
				6052361A13C0B745001EBBED /* ILikeSpring-Prefix.pch */,
			);
			name = "Supporting Files";
			sourceTree = "<group>";
		};
/* End PBXGroup section */

/* Begin PBXNativeTarget section */
		6052360713C0B745001EBBED /* ILikeSpring */ = {
			isa = PBXNativeTarget;
			buildConfigurationList = 6052362713C0B745001EBBED /* Build configuration list for PBXNativeTarget "ILikeSpring" */;
			buildPhases = (
				6052360413C0B745001EBBED /* Sources */,
				6052360513C0B745001EBBED /* Frameworks */,
				6052360613C0B745001EBBED /* Resources */,
			);
			buildRules = (
			);
			dependencies = (
			);
			name = ILikeSpring;
			productName = ILikeSpring;
			productReference = 6052360813C0B745001EBBED /* ILikeSpring.app */;
			productType = "com.apple.product-type.application";
		};
/* End PBXNativeTarget section */

/* Begin PBXProject section */
		605235FF13C0B744001EBBED /* Project object */ = {
			isa = PBXProject;
			attributes = {
				ORGANIZATIONNAME = "http://ortatherox.com";
			};
			buildConfigurationList = 6052360213C0B744001EBBED /* Build configuration list for PBXProject "ILikeSpring" */;
			compatibilityVersion = "Xcode 3.2";
			developmentRegion = English;
			hasScannedForEncodings = 0;
			knownRegions = (
				en,
			);
			mainGroup = 605235FD13C0B744001EBBED;
			productRefGroup = 6052360913C0B745001EBBED /* Products */;
			projectDirPath = "";
			projectRoot = "";
			targets = (
				6052360713C0B745001EBBED /* ILikeSpring */,
			);
		};
/* End PBXProject section */

/* Begin PBXResourcesBuildPhase section */
		6052360613C0B745001EBBED /* Resources */ = {
			isa = PBXResourcesBuildPhase;
			buildActionMask = 2147483647;
			files = (
				6052361713C0B745001EBBED /* InfoPlist.strings in Resources */,
				6052361F13C0B745001EBBED /* ILikeSpringViewController.h in Resources */,
				6052362413C0B745001EBBED /* ILikeSpringViewController.xib in Resources */,
				6052362B13C0B96C001EBBED /* springrools.jpg in Resources */,
			);
			runOnlyForDeploymentPostprocessing = 0;
		};
/* End PBXResourcesBuildPhase section */

/* Begin PBXSourcesBuildPhase section */
		6052360413C0B745001EBBED /* Sources */ = {
			isa = PBXSourcesBuildPhase;
			buildActionMask = 2147483647;
			files = (
				6052361913C0B745001EBBED /* main.m in Sources */,
				6052361D13C0B745001EBBED /* ILikeSpringAppDelegate.m in Sources */,
				6052362113C0B745001EBBED /* ILikeSpringViewController.m in Sources */,
			);
			runOnlyForDeploymentPostprocessing = 0;
		};
/* End PBXSourcesBuildPhase section */

/* Begin PBXVariantGroup section */
		6052361513C0B745001EBBED /* InfoPlist.strings */ = {
			isa = PBXVariantGroup;
			children = (
				6052361613C0B745001EBBED /* en */,
			);
			name = InfoPlist.strings;
			sourceTree = "<group>";
		};
		6052362213C0B745001EBBED /* ILikeSpringViewController.xib */ = {
			isa = PBXVariantGroup;
			children = (
				6052362313C0B745001EBBED /* en */,
			);
			name = ILikeSpringViewController.xib;
			sourceTree = "<group>";
		};
/* End PBXVariantGroup section */

/* Begin XCBuildConfiguration section */
		6052362513C0B745001EBBED /* Debug */ = {
			isa = XCBuildConfiguration;
			buildSettings = {
				ALWAYS_SEARCH_USER_PATHS = NO;
				ARCHS = "$(ARCHS_STANDARD_32_BIT)";
				CLANG_ENABLE_OBJC_ARC = YES;
				"CODE_SIGN_IDENTITY[sdk=iphoneos*]" = "iPhone Developer";
				COPY_PHASE_STRIP = NO;
				GCC_C_LANGUAGE_STANDARD = gnu99;
				GCC_DYNAMIC_NO_PIC = NO;
				GCC_OPTIMIZATION_LEVEL = 0;
				GCC_PREPROCESSOR_DEFINITIONS = (
					"DEBUG=1",
					"$(inherited)",
				);
				GCC_SYMBOLS_PRIVATE_EXTERN = NO;
				GCC_VERSION = com.apple.compilers.llvm.clang.1_0;
				GCC_WARN_ABOUT_MISSING_PROTOTYPES = YES;
				GCC_WARN_ABOUT_RETURN_TYPE = YES;
				GCC_WARN_UNUSED_VARIABLE = YES;
				IPHONEOS_DEPLOYMENT_TARGET = 5.0;
				SDKROOT = iphoneos;
			};
			name = Debug;
		};
		6052362613C0B745001EBBED /* Release */ = {
			isa = XCBuildConfiguration;
			buildSettings = {
				ALWAYS_SEARCH_USER_PATHS = NO;
				ARCHS = "$(ARCHS_STANDARD_32_BIT)";
				CLANG_ENABLE_OBJC_ARC = YES;
				"CODE_SIGN_IDENTITY[sdk=iphoneos*]" = "iPhone Developer";
				COPY_PHASE_STRIP = YES;
				GCC_C_LANGUAGE_STANDARD = gnu99;
				GCC_VERSION = com.apple.compilers.llvm.clang.1_0;
				GCC_WARN_ABOUT_MISSING_PROTOTYPES = YES;
				GCC_WARN_ABOUT_RETURN_TYPE = YES;
				GCC_WARN_UNUSED_VARIABLE = YES;
				IPHONEOS_DEPLOYMENT_TARGET = 5.0;
				OTHER_CFLAGS = "-DNS_BLOCK_ASSERTIONS=1";
				SDKROOT = iphoneos;
				VALIDATE_PRODUCT = YES;
			};
			name = Release;
		};
		6052362813C0B745001EBBED /* Debug */ = {
			isa = XCBuildConfiguration;
			buildSettings = {
				CLANG_ENABLE_OBJC_ARC = NO;
				CLANG_WARN_OBJCPP_ARC_ABI = NO;
				GCC_PRECOMPILE_PREFIX_HEADER = YES;
				GCC_PREFIX_HEADER = "ILikeSpring/ILikeSpring-Prefix.pch";
				INFOPLIST_FILE = "ILikeSpring/ILikeSpring-Info.plist";
				IPHONEOS_DEPLOYMENT_TARGET = 4.0;
				PRODUCT_NAME = "$(TARGET_NAME)";
				WRAPPER_EXTENSION = app;
			};
			name = Debug;
		};
		6052362913C0B745001EBBED /* Release */ = {
			isa = XCBuildConfiguration;
			buildSettings = {
				CLANG_ENABLE_OBJC_ARC = NO;
				CLANG_WARN_OBJCPP_ARC_ABI = NO;
				GCC_PRECOMPILE_PREFIX_HEADER = YES;
				GCC_PREFIX_HEADER = "ILikeSpring/ILikeSpring-Prefix.pch";
				INFOPLIST_FILE = "ILikeSpring/ILikeSpring-Info.plist";
				IPHONEOS_DEPLOYMENT_TARGET = 4.0;
				PRODUCT_NAME = "$(TARGET_NAME)";
				WRAPPER_EXTENSION = app;
			};
			name = Release;
		};
/* End XCBuildConfiguration section */

/* Begin XCConfigurationList section */
		6052360213C0B744001EBBED /* Build configuration list for PBXProject "ILikeSpring" */ = {
			isa = XCConfigurationList;
			buildConfigurations = (
				6052362513C0B745001EBBED /* Debug */,
				6052362613C0B745001EBBED /* Release */,
			);
			defaultConfigurationIsVisible = 0;
			defaultConfigurationName = Release;
		};
		6052362713C0B745001EBBED /* Build configuration list for PBXNativeTarget "ILikeSpring" */ = {
			isa = XCConfigurationList;
			buildConfigurations = (
				6052362813C0B745001EBBED /* Debug */,
				6052362913C0B745001EBBED /* Release */,
			);
			defaultConfigurationIsVisible = 0;
			defaultConfigurationName = Release;
		};
/* End XCConfigurationList section */
	};
	rootObject = 605235FF13C0B744001EBBED /* Project object */;
}
